// !$*UTF8*$!
{
	archiveVersion = 1;
	classes = {
	};
	objectVersion = 56;
	objects = {

/* Begin PBXBuildFile section */
		FE1D92CD298E14FC009EF316 /* TswUseriOSApp.swift in Sources */ = {isa = PBXBuildFile; fileRef = FE1D92CC298E14FC009EF316 /* TswUseriOSApp.swift */; };
		FE1D92CF298E14FC009EF316 /* ContentView.swift in Sources */ = {isa = PBXBuildFile; fileRef = FE1D92CE298E14FC009EF316 /* ContentView.swift */; };
		FE1D92D1298E14FD009EF316 /* Assets.xcassets in Resources */ = {isa = PBXBuildFile; fileRef = FE1D92D0298E14FD009EF316 /* Assets.xcassets */; };
		FE1D92D4298E14FD009EF316 /* Preview Assets.xcassets in Resources */ = {isa = PBXBuildFile; fileRef = FE1D92D3298E14FD009EF316 /* Preview Assets.xcassets */; };
		FE1D92D6298E14FD009EF316 /* Persistence.swift in Sources */ = {isa = PBXBuildFile; fileRef = FE1D92D5298E14FD009EF316 /* Persistence.swift */; };
		FE1D92D9298E14FD009EF316 /* TswUseriOS.xcdatamodeld in Sources */ = {isa = PBXBuildFile; fileRef = FE1D92D7298E14FD009EF316 /* TswUseriOS.xcdatamodeld */; };
		FE1D92E3298E14FD009EF316 /* TswUseriOSTests.swift in Sources */ = {isa = PBXBuildFile; fileRef = FE1D92E2298E14FD009EF316 /* TswUseriOSTests.swift */; };
		FE1D92ED298E14FD009EF316 /* TswUseriOSUITests.swift in Sources */ = {isa = PBXBuildFile; fileRef = FE1D92EC298E14FD009EF316 /* TswUseriOSUITests.swift */; };
		FE1D92EF298E14FD009EF316 /* TswUseriOSUITestsLaunchTests.swift in Sources */ = {isa = PBXBuildFile; fileRef = FE1D92EE298E14FD009EF316 /* TswUseriOSUITestsLaunchTests.swift */; };
		FE1D92FF298E23AF009EF316 /* GoogleService-Info.plist in Resources */ = {isa = PBXBuildFile; fileRef = FE1D92FE298E23AF009EF316 /* GoogleService-Info.plist */; };
		FE1D9302298E27A4009EF316 /* FirebaseAnalytics in Frameworks */ = {isa = PBXBuildFile; productRef = FE1D9301298E27A4009EF316 /* FirebaseAnalytics */; };
		FE1D9304298E27A4009EF316 /* FirebaseMessaging in Frameworks */ = {isa = PBXBuildFile; productRef = FE1D9303298E27A4009EF316 /* FirebaseMessaging */; };
		FE1D9308298E2C51009EF316 /* AppDelegate.swift in Sources */ = {isa = PBXBuildFile; fileRef = FE1D9307298E2C51009EF316 /* AppDelegate.swift */; };
/* End PBXBuildFile section */

/* Begin PBXContainerItemProxy section */
		FE1D92DF298E14FD009EF316 /* PBXContainerItemProxy */ = {
			isa = PBXContainerItemProxy;
			containerPortal = FE1D92C1298E14FC009EF316 /* Project object */;
			proxyType = 1;
			remoteGlobalIDString = FE1D92C8298E14FC009EF316;
			remoteInfo = TswUseriOS;
		};
		FE1D92E9298E14FD009EF316 /* PBXContainerItemProxy */ = {
			isa = PBXContainerItemProxy;
			containerPortal = FE1D92C1298E14FC009EF316 /* Project object */;
			proxyType = 1;
			remoteGlobalIDString = FE1D92C8298E14FC009EF316;
			remoteInfo = TswUseriOS;
		};
/* End PBXContainerItemProxy section */

/* Begin PBXFileReference section */
		FE1D92C9298E14FC009EF316 /* TswUseriOS.app */ = {isa = PBXFileReference; explicitFileType = wrapper.application; includeInIndex = 0; path = TswUseriOS.app; sourceTree = BUILT_PRODUCTS_DIR; };
		FE1D92CC298E14FC009EF316 /* TswUseriOSApp.swift */ = {isa = PBXFileReference; lastKnownFileType = sourcecode.swift; path = TswUseriOSApp.swift; sourceTree = "<group>"; };
		FE1D92CE298E14FC009EF316 /* ContentView.swift */ = {isa = PBXFileReference; lastKnownFileType = sourcecode.swift; path = ContentView.swift; sourceTree = "<group>"; };
		FE1D92D0298E14FD009EF316 /* Assets.xcassets */ = {isa = PBXFileReference; lastKnownFileType = folder.assetcatalog; path = Assets.xcassets; sourceTree = "<group>"; };
		FE1D92D3298E14FD009EF316 /* Preview Assets.xcassets */ = {isa = PBXFileReference; lastKnownFileType = folder.assetcatalog; path = "Preview Assets.xcassets"; sourceTree = "<group>"; };
		FE1D92D5298E14FD009EF316 /* Persistence.swift */ = {isa = PBXFileReference; lastKnownFileType = sourcecode.swift; path = Persistence.swift; sourceTree = "<group>"; };
		FE1D92D8298E14FD009EF316 /* TswUseriOS.xcdatamodel */ = {isa = PBXFileReference; lastKnownFileType = wrapper.xcdatamodel; path = TswUseriOS.xcdatamodel; sourceTree = "<group>"; };
		FE1D92DE298E14FD009EF316 /* TswUseriOSTests.xctest */ = {isa = PBXFileReference; explicitFileType = wrapper.cfbundle; includeInIndex = 0; path = TswUseriOSTests.xctest; sourceTree = BUILT_PRODUCTS_DIR; };
		FE1D92E2298E14FD009EF316 /* TswUseriOSTests.swift */ = {isa = PBXFileReference; lastKnownFileType = sourcecode.swift; path = TswUseriOSTests.swift; sourceTree = "<group>"; };
		FE1D92E8298E14FD009EF316 /* TswUseriOSUITests.xctest */ = {isa = PBXFileReference; explicitFileType = wrapper.cfbundle; includeInIndex = 0; path = TswUseriOSUITests.xctest; sourceTree = BUILT_PRODUCTS_DIR; };
		FE1D92EC298E14FD009EF316 /* TswUseriOSUITests.swift */ = {isa = PBXFileReference; lastKnownFileType = sourcecode.swift; path = TswUseriOSUITests.swift; sourceTree = "<group>"; };
		FE1D92EE298E14FD009EF316 /* TswUseriOSUITestsLaunchTests.swift */ = {isa = PBXFileReference; lastKnownFileType = sourcecode.swift; path = TswUseriOSUITestsLaunchTests.swift; sourceTree = "<group>"; };
		FE1D92FE298E23AF009EF316 /* GoogleService-Info.plist */ = {isa = PBXFileReference; fileEncoding = 4; lastKnownFileType = text.plist.xml; path = "GoogleService-Info.plist"; sourceTree = "<group>"; };
		FE1D9305298E2B79009EF316 /* Info.plist */ = {isa = PBXFileReference; lastKnownFileType = text.plist; path = Info.plist; sourceTree = "<group>"; };
		FE1D9306298E2B9B009EF316 /* TswUseriOS.entitlements */ = {isa = PBXFileReference; lastKnownFileType = text.plist.entitlements; path = TswUseriOS.entitlements; sourceTree = "<group>"; };
		FE1D9307298E2C51009EF316 /* AppDelegate.swift */ = {isa = PBXFileReference; lastKnownFileType = sourcecode.swift; path = AppDelegate.swift; sourceTree = "<group>"; };
/* End PBXFileReference section */

/* Begin PBXFrameworksBuildPhase section */
		FE1D92C6298E14FC009EF316 /* Frameworks */ = {
			isa = PBXFrameworksBuildPhase;
			buildActionMask = 2147483647;
			files = (
				FE1D9304298E27A4009EF316 /* FirebaseMessaging in Frameworks */,
				FE1D9302298E27A4009EF316 /* FirebaseAnalytics in Frameworks */,
			);
			runOnlyForDeploymentPostprocessing = 0;
		};
		FE1D92DB298E14FD009EF316 /* Frameworks */ = {
			isa = PBXFrameworksBuildPhase;
			buildActionMask = 2147483647;
			files = (
			);
			runOnlyForDeploymentPostprocessing = 0;
		};
		FE1D92E5298E14FD009EF316 /* Frameworks */ = {
			isa = PBXFrameworksBuildPhase;
			buildActionMask = 2147483647;
			files = (
			);
			runOnlyForDeploymentPostprocessing = 0;
		};
/* End PBXFrameworksBuildPhase section */

/* Begin PBXGroup section */
		FE1D92C0298E14FC009EF316 = {
			isa = PBXGroup;
			children = (
				FE1D92CB298E14FC009EF316 /* TswUseriOS */,
				FE1D92E1298E14FD009EF316 /* TswUseriOSTests */,
				FE1D92EB298E14FD009EF316 /* TswUseriOSUITests */,
				FE1D92CA298E14FC009EF316 /* Products */,
			);
			sourceTree = "<group>";
		};
		FE1D92CA298E14FC009EF316 /* Products */ = {
			isa = PBXGroup;
			children = (
				FE1D92C9298E14FC009EF316 /* TswUseriOS.app */,
				FE1D92DE298E14FD009EF316 /* TswUseriOSTests.xctest */,
				FE1D92E8298E14FD009EF316 /* TswUseriOSUITests.xctest */,
			);
			name = Products;
			sourceTree = "<group>";
		};
		FE1D92CB298E14FC009EF316 /* TswUseriOS */ = {
			isa = PBXGroup;
			children = (
				FE1D9306298E2B9B009EF316 /* TswUseriOS.entitlements */,
				FE1D9305298E2B79009EF316 /* Info.plist */,
				FE1D92FE298E23AF009EF316 /* GoogleService-Info.plist */,
				FE1D92CC298E14FC009EF316 /* TswUseriOSApp.swift */,
				FE1D92CE298E14FC009EF316 /* ContentView.swift */,
				FE1D92D0298E14FD009EF316 /* Assets.xcassets */,
				FE1D92D5298E14FD009EF316 /* Persistence.swift */,
				FE1D92D7298E14FD009EF316 /* TswUseriOS.xcdatamodeld */,
				FE1D92D2298E14FD009EF316 /* Preview Content */,
				FE1D9307298E2C51009EF316 /* AppDelegate.swift */,
			);
			path = TswUseriOS;
			sourceTree = "<group>";
		};
		FE1D92D2298E14FD009EF316 /* Preview Content */ = {
			isa = PBXGroup;
			children = (
				FE1D92D3298E14FD009EF316 /* Preview Assets.xcassets */,
			);
			path = "Preview Content";
			sourceTree = "<group>";
		};
		FE1D92E1298E14FD009EF316 /* TswUseriOSTests */ = {
			isa = PBXGroup;
			children = (
				FE1D92E2298E14FD009EF316 /* TswUseriOSTests.swift */,
			);
			path = TswUseriOSTests;
			sourceTree = "<group>";
		};
		FE1D92EB298E14FD009EF316 /* TswUseriOSUITests */ = {
			isa = PBXGroup;
			children = (
				FE1D92EC298E14FD009EF316 /* TswUseriOSUITests.swift */,
				FE1D92EE298E14FD009EF316 /* TswUseriOSUITestsLaunchTests.swift */,
			);
			path = TswUseriOSUITests;
			sourceTree = "<group>";
		};
/* End PBXGroup section */

/* Begin PBXNativeTarget section */
		FE1D92C8298E14FC009EF316 /* TswUseriOS */ = {
			isa = PBXNativeTarget;
			buildConfigurationList = FE1D92F2298E14FD009EF316 /* Build configuration list for PBXNativeTarget "TswUseriOS" */;
			buildPhases = (
				FE1D92C5298E14FC009EF316 /* Sources */,
				FE1D92C6298E14FC009EF316 /* Frameworks */,
				FE1D92C7298E14FC009EF316 /* Resources */,
			);
			buildRules = (
			);
			dependencies = (
			);
			name = TswUseriOS;
			packageProductDependencies = (
				FE1D9301298E27A4009EF316 /* FirebaseAnalytics */,
				FE1D9303298E27A4009EF316 /* FirebaseMessaging */,
			);
			productName = TswUseriOS;
			productReference = FE1D92C9298E14FC009EF316 /* TswUseriOS.app */;
			productType = "com.apple.product-type.application";
		};
		FE1D92DD298E14FD009EF316 /* TswUseriOSTests */ = {
			isa = PBXNativeTarget;
			buildConfigurationList = FE1D92F5298E14FD009EF316 /* Build configuration list for PBXNativeTarget "TswUseriOSTests" */;
			buildPhases = (
				FE1D92DA298E14FD009EF316 /* Sources */,
				FE1D92DB298E14FD009EF316 /* Frameworks */,
				FE1D92DC298E14FD009EF316 /* Resources */,
			);
			buildRules = (
			);
			dependencies = (
				FE1D92E0298E14FD009EF316 /* PBXTargetDependency */,
			);
			name = TswUseriOSTests;
			productName = TswUseriOSTests;
			productReference = FE1D92DE298E14FD009EF316 /* TswUseriOSTests.xctest */;
			productType = "com.apple.product-type.bundle.unit-test";
		};
		FE1D92E7298E14FD009EF316 /* TswUseriOSUITests */ = {
			isa = PBXNativeTarget;
			buildConfigurationList = FE1D92F8298E14FD009EF316 /* Build configuration list for PBXNativeTarget "TswUseriOSUITests" */;
			buildPhases = (
				FE1D92E4298E14FD009EF316 /* Sources */,
				FE1D92E5298E14FD009EF316 /* Frameworks */,
				FE1D92E6298E14FD009EF316 /* Resources */,
			);
			buildRules = (
			);
			dependencies = (
				FE1D92EA298E14FD009EF316 /* PBXTargetDependency */,
			);
			name = TswUseriOSUITests;
			productName = TswUseriOSUITests;
			productReference = FE1D92E8298E14FD009EF316 /* TswUseriOSUITests.xctest */;
			productType = "com.apple.product-type.bundle.ui-testing";
		};
/* End PBXNativeTarget section */

/* Begin PBXProject section */
		FE1D92C1298E14FC009EF316 /* Project object */ = {
			isa = PBXProject;
			attributes = {
				BuildIndependentTargetsInParallel = 1;
				LastSwiftUpdateCheck = 1420;
				LastUpgradeCheck = 1420;
				TargetAttributes = {
					FE1D92C8298E14FC009EF316 = {
						CreatedOnToolsVersion = 14.2;
					};
					FE1D92DD298E14FD009EF316 = {
						CreatedOnToolsVersion = 14.2;
						TestTargetID = FE1D92C8298E14FC009EF316;
					};
					FE1D92E7298E14FD009EF316 = {
						CreatedOnToolsVersion = 14.2;
						TestTargetID = FE1D92C8298E14FC009EF316;
					};
				};
			};
			buildConfigurationList = FE1D92C4298E14FC009EF316 /* Build configuration list for PBXProject "TswUseriOS" */;
			compatibilityVersion = "Xcode 14.0";
			developmentRegion = en;
			hasScannedForEncodings = 0;
			knownRegions = (
				en,
				Base,
			);
			mainGroup = FE1D92C0298E14FC009EF316;
			packageReferences = (
				FE1D9300298E27A4009EF316 /* XCRemoteSwiftPackageReference "firebase-ios-sdk" */,
			);
			productRefGroup = FE1D92CA298E14FC009EF316 /* Products */;
			projectDirPath = "";
			projectRoot = "";
			targets = (
				FE1D92C8298E14FC009EF316 /* TswUseriOS */,
				FE1D92DD298E14FD009EF316 /* TswUseriOSTests */,
				FE1D92E7298E14FD009EF316 /* TswUseriOSUITests */,
			);
		};
/* End PBXProject section */

/* Begin PBXResourcesBuildPhase section */
		FE1D92C7298E14FC009EF316 /* Resources */ = {
			isa = PBXResourcesBuildPhase;
			buildActionMask = 2147483647;
			files = (
				FE1D92D4298E14FD009EF316 /* Preview Assets.xcassets in Resources */,
				FE1D92FF298E23AF009EF316 /* GoogleService-Info.plist in Resources */,
				FE1D92D1298E14FD009EF316 /* Assets.xcassets in Resources */,
			);
			runOnlyForDeploymentPostprocessing = 0;
		};
		FE1D92DC298E14FD009EF316 /* Resources */ = {
			isa = PBXResourcesBuildPhase;
			buildActionMask = 2147483647;
			files = (
			);
			runOnlyForDeploymentPostprocessing = 0;
		};
		FE1D92E6298E14FD009EF316 /* Resources */ = {
			isa = PBXResourcesBuildPhase;
			buildActionMask = 2147483647;
			files = (
			);
			runOnlyForDeploymentPostprocessing = 0;
		};
/* End PBXResourcesBuildPhase section */

/* Begin PBXSourcesBuildPhase section */
		FE1D92C5298E14FC009EF316 /* Sources */ = {
			isa = PBXSourcesBuildPhase;
			buildActionMask = 2147483647;
			files = (
				FE1D92D6298E14FD009EF316 /* Persistence.swift in Sources */,
				FE1D92CF298E14FC009EF316 /* ContentView.swift in Sources */,
				FE1D92CD298E14FC009EF316 /* TswUseriOSApp.swift in Sources */,
				FE1D9308298E2C51009EF316 /* AppDelegate.swift in Sources */,
				FE1D92D9298E14FD009EF316 /* TswUseriOS.xcdatamodeld in Sources */,
			);
			runOnlyForDeploymentPostprocessing = 0;
		};
		FE1D92DA298E14FD009EF316 /* Sources */ = {
			isa = PBXSourcesBuildPhase;
			buildActionMask = 2147483647;
			files = (
				FE1D92E3298E14FD009EF316 /* TswUseriOSTests.swift in Sources */,
			);
			runOnlyForDeploymentPostprocessing = 0;
		};
		FE1D92E4298E14FD009EF316 /* Sources */ = {
			isa = PBXSourcesBuildPhase;
			buildActionMask = 2147483647;
			files = (
				FE1D92EF298E14FD009EF316 /* TswUseriOSUITestsLaunchTests.swift in Sources */,
				FE1D92ED298E14FD009EF316 /* TswUseriOSUITests.swift in Sources */,
			);
			runOnlyForDeploymentPostprocessing = 0;
		};
/* End PBXSourcesBuildPhase section */

/* Begin PBXTargetDependency section */
		FE1D92E0298E14FD009EF316 /* PBXTargetDependency */ = {
			isa = PBXTargetDependency;
			target = FE1D92C8298E14FC009EF316 /* TswUseriOS */;
			targetProxy = FE1D92DF298E14FD009EF316 /* PBXContainerItemProxy */;
		};
		FE1D92EA298E14FD009EF316 /* PBXTargetDependency */ = {
			isa = PBXTargetDependency;
			target = FE1D92C8298E14FC009EF316 /* TswUseriOS */;
			targetProxy = FE1D92E9298E14FD009EF316 /* PBXContainerItemProxy */;
		};
/* End PBXTargetDependency section */

/* Begin XCBuildConfiguration section */
		FE1D92F0298E14FD009EF316 /* Debug */ = {
			isa = XCBuildConfiguration;
			buildSettings = {
				ALWAYS_SEARCH_USER_PATHS = NO;
				CLANG_ANALYZER_NONNULL = YES;
				CLANG_ANALYZER_NUMBER_OBJECT_CONVERSION = YES_AGGRESSIVE;
				CLANG_CXX_LANGUAGE_STANDARD = "gnu++20";
				CLANG_ENABLE_MODULES = YES;
				CLANG_ENABLE_OBJC_ARC = YES;
				CLANG_ENABLE_OBJC_WEAK = YES;
				CLANG_WARN_BLOCK_CAPTURE_AUTORELEASING = YES;
				CLANG_WARN_BOOL_CONVERSION = YES;
				CLANG_WARN_COMMA = YES;
				CLANG_WARN_CONSTANT_CONVERSION = YES;
				CLANG_WARN_DEPRECATED_OBJC_IMPLEMENTATIONS = YES;
				CLANG_WARN_DIRECT_OBJC_ISA_USAGE = YES_ERROR;
				CLANG_WARN_DOCUMENTATION_COMMENTS = YES;
				CLANG_WARN_EMPTY_BODY = YES;
				CLANG_WARN_ENUM_CONVERSION = YES;
				CLANG_WARN_INFINITE_RECURSION = YES;
				CLANG_WARN_INT_CONVERSION = YES;
				CLANG_WARN_NON_LITERAL_NULL_CONVERSION = YES;
				CLANG_WARN_OBJC_IMPLICIT_RETAIN_SELF = YES;
				CLANG_WARN_OBJC_LITERAL_CONVERSION = YES;
				CLANG_WARN_OBJC_ROOT_CLASS = YES_ERROR;
				CLANG_WARN_QUOTED_INCLUDE_IN_FRAMEWORK_HEADER = YES;
				CLANG_WARN_RANGE_LOOP_ANALYSIS = YES;
				CLANG_WARN_STRICT_PROTOTYPES = YES;
				CLANG_WARN_SUSPICIOUS_MOVE = YES;
				CLANG_WARN_UNGUARDED_AVAILABILITY = YES_AGGRESSIVE;
				CLANG_WARN_UNREACHABLE_CODE = YES;
				CLANG_WARN__DUPLICATE_METHOD_MATCH = YES;
				COPY_PHASE_STRIP = NO;
				DEBUG_INFORMATION_FORMAT = dwarf;
				ENABLE_STRICT_OBJC_MSGSEND = YES;
				ENABLE_TESTABILITY = YES;
				GCC_C_LANGUAGE_STANDARD = gnu11;
				GCC_DYNAMIC_NO_PIC = NO;
				GCC_NO_COMMON_BLOCKS = YES;
				GCC_OPTIMIZATION_LEVEL = 0;
				GCC_PREPROCESSOR_DEFINITIONS = (
					"DEBUG=1",
					"$(inherited)",
				);
				GCC_WARN_64_TO_32_BIT_CONVERSION = YES;
				GCC_WARN_ABOUT_RETURN_TYPE = YES_ERROR;
				GCC_WARN_UNDECLARED_SELECTOR = YES;
				GCC_WARN_UNINITIALIZED_AUTOS = YES_AGGRESSIVE;
				GCC_WARN_UNUSED_FUNCTION = YES;
				GCC_WARN_UNUSED_VARIABLE = YES;
				IPHONEOS_DEPLOYMENT_TARGET = 14.0;
				MTL_ENABLE_DEBUG_INFO = INCLUDE_SOURCE;
				MTL_FAST_MATH = YES;
				ONLY_ACTIVE_ARCH = YES;
				SDKROOT = iphoneos;
				SWIFT_ACTIVE_COMPILATION_CONDITIONS = DEBUG;
				SWIFT_OPTIMIZATION_LEVEL = "-Onone";
			};
			name = Debug;
		};
		FE1D92F1298E14FD009EF316 /* Release */ = {
			isa = XCBuildConfiguration;
			buildSettings = {
				ALWAYS_SEARCH_USER_PATHS = NO;
				CLANG_ANALYZER_NONNULL = YES;
				CLANG_ANALYZER_NUMBER_OBJECT_CONVERSION = YES_AGGRESSIVE;
				CLANG_CXX_LANGUAGE_STANDARD = "gnu++20";
				CLANG_ENABLE_MODULES = YES;
				CLANG_ENABLE_OBJC_ARC = YES;
				CLANG_ENABLE_OBJC_WEAK = YES;
				CLANG_WARN_BLOCK_CAPTURE_AUTORELEASING = YES;
				CLANG_WARN_BOOL_CONVERSION = YES;
				CLANG_WARN_COMMA = YES;
				CLANG_WARN_CONSTANT_CONVERSION = YES;
				CLANG_WARN_DEPRECATED_OBJC_IMPLEMENTATIONS = YES;
				CLANG_WARN_DIRECT_OBJC_ISA_USAGE = YES_ERROR;
				CLANG_WARN_DOCUMENTATION_COMMENTS = YES;
				CLANG_WARN_EMPTY_BODY = YES;
				CLANG_WARN_ENUM_CONVERSION = YES;
				CLANG_WARN_INFINITE_RECURSION = YES;
				CLANG_WARN_INT_CONVERSION = YES;
				CLANG_WARN_NON_LITERAL_NULL_CONVERSION = YES;
				CLANG_WARN_OBJC_IMPLICIT_RETAIN_SELF = YES;
				CLANG_WARN_OBJC_LITERAL_CONVERSION = YES;
				CLANG_WARN_OBJC_ROOT_CLASS = YES_ERROR;
				CLANG_WARN_QUOTED_INCLUDE_IN_FRAMEWORK_HEADER = YES;
				CLANG_WARN_RANGE_LOOP_ANALYSIS = YES;
				CLANG_WARN_STRICT_PROTOTYPES = YES;
				CLANG_WARN_SUSPICIOUS_MOVE = YES;
				CLANG_WARN_UNGUARDED_AVAILABILITY = YES_AGGRESSIVE;
				CLANG_WARN_UNREACHABLE_CODE = YES;
				CLANG_WARN__DUPLICATE_METHOD_MATCH = YES;
				COPY_PHASE_STRIP = NO;
				DEBUG_INFORMATION_FORMAT = "dwarf-with-dsym";
				ENABLE_NS_ASSERTIONS = NO;
				ENABLE_STRICT_OBJC_MSGSEND = YES;
				GCC_C_LANGUAGE_STANDARD = gnu11;
				GCC_NO_COMMON_BLOCKS = YES;
				GCC_WARN_64_TO_32_BIT_CONVERSION = YES;
				GCC_WARN_ABOUT_RETURN_TYPE = YES_ERROR;
				GCC_WARN_UNDECLARED_SELECTOR = YES;
				GCC_WARN_UNINITIALIZED_AUTOS = YES_AGGRESSIVE;
				GCC_WARN_UNUSED_FUNCTION = YES;
				GCC_WARN_UNUSED_VARIABLE = YES;
				IPHONEOS_DEPLOYMENT_TARGET = 14.0;
				MTL_ENABLE_DEBUG_INFO = NO;
				MTL_FAST_MATH = YES;
				SDKROOT = iphoneos;
				SWIFT_COMPILATION_MODE = wholemodule;
				SWIFT_OPTIMIZATION_LEVEL = "-O";
				VALIDATE_PRODUCT = YES;
			};
			name = Release;
		};
		FE1D92F3298E14FD009EF316 /* Debug */ = {
			isa = XCBuildConfiguration;
			buildSettings = {
				ASSETCATALOG_COMPILER_APPICON_NAME = AppIcon;
				ASSETCATALOG_COMPILER_GLOBAL_ACCENT_COLOR_NAME = AccentColor;
				CODE_SIGN_ENTITLEMENTS = TswUseriOS/TswUseriOS.entitlements;
				CODE_SIGN_STYLE = Automatic;
				CURRENT_PROJECT_VERSION = 1;
				DEVELOPMENT_ASSET_PATHS = "\"TswUseriOS/Preview Content\"";
				DEVELOPMENT_TEAM = P7Z3Z9WK3X;
				ENABLE_PREVIEWS = YES;
				GENERATE_INFOPLIST_FILE = YES;
				INFOPLIST_FILE = TswUseriOS/Info.plist;
				INFOPLIST_KEY_CFBundleDisplayName = "더스윙 플레이";
				INFOPLIST_KEY_LSApplicationCategoryType = "public.app-category.sports";
				INFOPLIST_KEY_UIApplicationSceneManifest_Generation = YES;
				INFOPLIST_KEY_UIApplicationSupportsIndirectInputEvents = YES;
				INFOPLIST_KEY_UILaunchScreen_Generation = YES;
				INFOPLIST_KEY_UIStatusBarStyle = "";
				INFOPLIST_KEY_UISupportedInterfaceOrientations = UIInterfaceOrientationPortrait;
				INFOPLIST_KEY_UISupportedInterfaceOrientations_iPad = "UIInterfaceOrientationLandscapeLeft UIInterfaceOrientationLandscapeRight UIInterfaceOrientationPortrait UIInterfaceOrientationPortraitUpsideDown";
				LD_RUNPATH_SEARCH_PATHS = (
					"$(inherited)",
					"@executable_path/Frameworks",
				);
				MARKETING_VERSION = 1.0;
				PRODUCT_BUNDLE_IDENTIFIER = io.cokee.TswUser.iOS;
				PRODUCT_NAME = "$(TARGET_NAME)";
				SUPPORTED_PLATFORMS = "iphoneos iphonesimulator";
				SUPPORTS_MACCATALYST = NO;
				SUPPORTS_MAC_DESIGNED_FOR_IPHONE_IPAD = NO;
				SWIFT_EMIT_LOC_STRINGS = YES;
				SWIFT_VERSION = 5.0;
				TARGETED_DEVICE_FAMILY = 1;
			};
			name = Debug;
		};
		FE1D92F4298E14FD009EF316 /* Release */ = {
			isa = XCBuildConfiguration;
			buildSettings = {
				ASSETCATALOG_COMPILER_APPICON_NAME = AppIcon;
				ASSETCATALOG_COMPILER_GLOBAL_ACCENT_COLOR_NAME = AccentColor;
				CODE_SIGN_ENTITLEMENTS = TswUseriOS/TswUseriOS.entitlements;
				CODE_SIGN_STYLE = Automatic;
				CURRENT_PROJECT_VERSION = 1;
				DEVELOPMENT_ASSET_PATHS = "\"TswUseriOS/Preview Content\"";
				DEVELOPMENT_TEAM = P7Z3Z9WK3X;
				ENABLE_PREVIEWS = YES;
				GENERATE_INFOPLIST_FILE = YES;
				INFOPLIST_FILE = TswUseriOS/Info.plist;
				INFOPLIST_KEY_CFBundleDisplayName = "더스윙 플레이";
				INFOPLIST_KEY_LSApplicationCategoryType = "public.app-category.sports";
				INFOPLIST_KEY_UIApplicationSceneManifest_Generation = YES;
				INFOPLIST_KEY_UIApplicationSupportsIndirectInputEvents = YES;
				INFOPLIST_KEY_UILaunchScreen_Generation = YES;
				INFOPLIST_KEY_UIStatusBarStyle = "";
				INFOPLIST_KEY_UISupportedInterfaceOrientations = UIInterfaceOrientationPortrait;
				INFOPLIST_KEY_UISupportedInterfaceOrientations_iPad = "UIInterfaceOrientationLandscapeLeft UIInterfaceOrientationLandscapeRight UIInterfaceOrientationPortrait UIInterfaceOrientationPortraitUpsideDown";
				LD_RUNPATH_SEARCH_PATHS = (
					"$(inherited)",
					"@executable_path/Frameworks",
				);
				MARKETING_VERSION = 1.0;
				PRODUCT_BUNDLE_IDENTIFIER = io.cokee.TswUser.iOS;
				PRODUCT_NAME = "$(TARGET_NAME)";
				SUPPORTED_PLATFORMS = "iphoneos iphonesimulator";
				SUPPORTS_MACCATALYST = NO;
				SUPPORTS_MAC_DESIGNED_FOR_IPHONE_IPAD = NO;
				SWIFT_EMIT_LOC_STRINGS = YES;
				SWIFT_VERSION = 5.0;
				TARGETED_DEVICE_FAMILY = 1;
			};
			name = Release;
		};
		FE1D92F6298E14FD009EF316 /* Debug */ = {
			isa = XCBuildConfiguration;
			buildSettings = {
				ALWAYS_EMBED_SWIFT_STANDARD_LIBRARIES = YES;
				BUNDLE_LOADER = "$(TEST_HOST)";
				CODE_SIGN_STYLE = Automatic;
				CURRENT_PROJECT_VERSION = 1;
				DEVELOPMENT_TEAM = P7Z3Z9WK3X;
				GENERATE_INFOPLIST_FILE = YES;
				IPHONEOS_DEPLOYMENT_TARGET = 16.2;
				MARKETING_VERSION = 1.0;
				PRODUCT_BUNDLE_IDENTIFIER = io.cokee.TswUseriOSTests;
				PRODUCT_NAME = "$(TARGET_NAME)";
				SWIFT_EMIT_LOC_STRINGS = NO;
				SWIFT_VERSION = 5.0;
				TARGETED_DEVICE_FAMILY = "1,2";
				TEST_HOST = "$(BUILT_PRODUCTS_DIR)/TswUseriOS.app/$(BUNDLE_EXECUTABLE_FOLDER_PATH)/TswUseriOS";
			};
			name = Debug;
		};
		FE1D92F7298E14FD009EF316 /* Release */ = {
			isa = XCBuildConfiguration;
			buildSettings = {
				ALWAYS_EMBED_SWIFT_STANDARD_LIBRARIES = YES;
				BUNDLE_LOADER = "$(TEST_HOST)";
				CODE_SIGN_STYLE = Automatic;
				CURRENT_PROJECT_VERSION = 1;
				DEVELOPMENT_TEAM = P7Z3Z9WK3X;
				GENERATE_INFOPLIST_FILE = YES;
				IPHONEOS_DEPLOYMENT_TARGET = 16.2;
				MARKETING_VERSION = 1.0;
				PRODUCT_BUNDLE_IDENTIFIER = io.cokee.TswUseriOSTests;
				PRODUCT_NAME = "$(TARGET_NAME)";
				SWIFT_EMIT_LOC_STRINGS = NO;
				SWIFT_VERSION = 5.0;
				TARGETED_DEVICE_FAMILY = "1,2";
				TEST_HOST = "$(BUILT_PRODUCTS_DIR)/TswUseriOS.app/$(BUNDLE_EXECUTABLE_FOLDER_PATH)/TswUseriOS";
			};
			name = Release;
		};
		FE1D92F9298E14FD009EF316 /* Debug */ = {
			isa = XCBuildConfiguration;
			buildSettings = {
				ALWAYS_EMBED_SWIFT_STANDARD_LIBRARIES = YES;
				CODE_SIGN_STYLE = Automatic;
				CURRENT_PROJECT_VERSION = 1;
				DEVELOPMENT_TEAM = P7Z3Z9WK3X;
				GENERATE_INFOPLIST_FILE = YES;
				MARKETING_VERSION = 1.0;
				PRODUCT_BUNDLE_IDENTIFIER = io.cokee.TswUseriOSUITests;
				PRODUCT_NAME = "$(TARGET_NAME)";
				SWIFT_EMIT_LOC_STRINGS = NO;
				SWIFT_VERSION = 5.0;
				TARGETED_DEVICE_FAMILY = "1,2";
				TEST_TARGET_NAME = TswUseriOS;
			};
			name = Debug;
		};
		FE1D92FA298E14FD009EF316 /* Release */ = {
			isa = XCBuildConfiguration;
			buildSettings = {
				ALWAYS_EMBED_SWIFT_STANDARD_LIBRARIES = YES;
				CODE_SIGN_STYLE = Automatic;
				CURRENT_PROJECT_VERSION = 1;
				DEVELOPMENT_TEAM = P7Z3Z9WK3X;
				GENERATE_INFOPLIST_FILE = YES;
				MARKETING_VERSION = 1.0;
				PRODUCT_BUNDLE_IDENTIFIER = io.cokee.TswUseriOSUITests;
				PRODUCT_NAME = "$(TARGET_NAME)";
				SWIFT_EMIT_LOC_STRINGS = NO;
				SWIFT_VERSION = 5.0;
				TARGETED_DEVICE_FAMILY = "1,2";
				TEST_TARGET_NAME = TswUseriOS;
			};
			name = Release;
		};
/* End XCBuildConfiguration section */

/* Begin XCConfigurationList section */
		FE1D92C4298E14FC009EF316 /* Build configuration list for PBXProject "TswUseriOS" */ = {
			isa = XCConfigurationList;
			buildConfigurations = (
				FE1D92F0298E14FD009EF316 /* Debug */,
				FE1D92F1298E14FD009EF316 /* Release */,
			);
			defaultConfigurationIsVisible = 0;
			defaultConfigurationName = Release;
		};
		FE1D92F2298E14FD009EF316 /* Build configuration list for PBXNativeTarget "TswUseriOS" */ = {
			isa = XCConfigurationList;
			buildConfigurations = (
				FE1D92F3298E14FD009EF316 /* Debug */,
				FE1D92F4298E14FD009EF316 /* Release */,
			);
			defaultConfigurationIsVisible = 0;
			defaultConfigurationName = Release;
		};
		FE1D92F5298E14FD009EF316 /* Build configuration list for PBXNativeTarget "TswUseriOSTests" */ = {
			isa = XCConfigurationList;
			buildConfigurations = (
				FE1D92F6298E14FD009EF316 /* Debug */,
				FE1D92F7298E14FD009EF316 /* Release */,
			);
			defaultConfigurationIsVisible = 0;
			defaultConfigurationName = Release;
		};
		FE1D92F8298E14FD009EF316 /* Build configuration list for PBXNativeTarget "TswUseriOSUITests" */ = {
			isa = XCConfigurationList;
			buildConfigurations = (
				FE1D92F9298E14FD009EF316 /* Debug */,
				FE1D92FA298E14FD009EF316 /* Release */,
			);
			defaultConfigurationIsVisible = 0;
			defaultConfigurationName = Release;
		};
/* End XCConfigurationList section */

/* Begin XCRemoteSwiftPackageReference section */
		FE1D9300298E27A4009EF316 /* XCRemoteSwiftPackageReference "firebase-ios-sdk" */ = {
			isa = XCRemoteSwiftPackageReference;
			repositoryURL = "https://github.com/firebase/firebase-ios-sdk";
			requirement = {
				branch = master;
				kind = branch;
			};
		};
/* End XCRemoteSwiftPackageReference section */

/* Begin XCSwiftPackageProductDependency section */
		FE1D9301298E27A4009EF316 /* FirebaseAnalytics */ = {
			isa = XCSwiftPackageProductDependency;
			package = FE1D9300298E27A4009EF316 /* XCRemoteSwiftPackageReference "firebase-ios-sdk" */;
			productName = FirebaseAnalytics;
		};
		FE1D9303298E27A4009EF316 /* FirebaseMessaging */ = {
			isa = XCSwiftPackageProductDependency;
			package = FE1D9300298E27A4009EF316 /* XCRemoteSwiftPackageReference "firebase-ios-sdk" */;
			productName = FirebaseMessaging;
		};
/* End XCSwiftPackageProductDependency section */

/* Begin XCVersionGroup section */
		FE1D92D7298E14FD009EF316 /* TswUseriOS.xcdatamodeld */ = {
			isa = XCVersionGroup;
			children = (
				FE1D92D8298E14FD009EF316 /* TswUseriOS.xcdatamodel */,
			);
			currentVersion = FE1D92D8298E14FD009EF316 /* TswUseriOS.xcdatamodel */;
			path = TswUseriOS.xcdatamodeld;
			sourceTree = "<group>";
			versionGroupType = wrapper.xcdatamodel;
		};
/* End XCVersionGroup section */
	};
	rootObject = FE1D92C1298E14FC009EF316 /* Project object */;
}
