// !$*UTF8*$!
{
	archiveVersion = 1;
	classes = {
	};
	objectVersion = 56;
	objects = {

/* Begin PBXBuildFile section */
		FE1D92CD298E14FC009EF316 /* TswUseriOSApp.swift in Sources */ = {isa = PBXBuildFile; fileRef = FE1D92CC298E14FC009EF316 /* TswUseriOSApp.swift */; };
		FE1D92CF298E14FC009EF316 /* ContentView.swift in Sources */ = {isa = PBXBuildFile; fileRef = FE1D92CE298E14FC009EF316 /* ContentView.swift */; };
		FE1D92D1298E14FD009EF316 /* Assets.xcassets in Resources */ = {isa = PBXBuildFile; fileRef = FE1D92D0298E14FD009EF316 /* Assets.xcassets */; };
		FE1D92D4298E14FD009EF316 /* Preview Assets.xcassets in Resources */ = {isa = PBXBuildFile; fileRef = FE1D92D3298E14FD009EF316 /* Preview Assets.xcassets */; };
		FE1D92D6298E14FD009EF316 /* Persistence.swift in Sources */ = {isa = PBXBuildFile; fileRef = FE1D92D5298E14FD009EF316 /* Persistence.swift */; };
		FE1D92D9298E14FD009EF316 /* TswUseriOS.xcdatamodeld in Sources */ = {isa = PBXBuildFile; fileRef = FE1D92D7298E14FD009EF316 /* TswUseriOS.xcdatamodeld */; };
		FE1D92E3298E14FD009EF316 /* TswUseriOSTests.swift in Sources */ = {isa = PBXBuildFile; fileRef = FE1D92E2298E14FD009EF316 /* TswUseriOSTests.swift */; };
		FE1D92ED298E14FD009EF316 /* TswUseriOSUITests.swift in Sources */ = {isa = PBXBuildFile; fileRef = FE1D92EC298E14FD009EF316 /* TswUseriOSUITests.swift */; };
		FE1D92EF298E14FD009EF316 /* TswUseriOSUITestsLaunchTests.swift in Sources */ = {isa = PBXBuildFile; fileRef = FE1D92EE298E14FD009EF316 /* TswUseriOSUITestsLaunchTests.swift */; };
		FE1D92FF298E23AF009EF316 /* GoogleService-Info.plist in Resources */ = {isa = PBXBuildFile; fileRef = FE1D92FE298E23AF009EF316 /* GoogleService-Info.plist */; };
		FE1D9302298E27A4009EF316 /* FirebaseAnalytics in Frameworks */ = {isa = PBXBuildFile; productRef = FE1D9301298E27A4009EF316 /* FirebaseAnalytics */; };
		FE1D9304298E27A4009EF316 /* FirebaseMessaging in Frameworks */ = {isa = PBXBuildFile; productRef = FE1D9303298E27A4009EF316 /* FirebaseMessaging */; };
		FE1D9308298E2C51009EF316 /* AppDelegate.swift in Sources */ = {isa = PBXBuildFile; fileRef = FE1D9307298E2C51009EF316 /* AppDelegate.swift */; };
		FE25DB2029FFED63002FA30A /* Endpoint.swift in Sources */ = {isa = PBXBuildFile; fileRef = FE25DB1F29FFED63002FA30A /* Endpoint.swift */; };
		FE25DB2329FFEDA5002FA30A /* Networker.swift in Sources */ = {isa = PBXBuildFile; fileRef = FE25DB2229FFEDA5002FA30A /* Networker.swift */; };
		FE25DB2529FFEFC0002FA30A /* Endpoint+URL.swift in Sources */ = {isa = PBXBuildFile; fileRef = FE25DB2429FFEFC0002FA30A /* Endpoint+URL.swift */; };
		FE25DB2929FFF58B002FA30A /* LoginView.swift in Sources */ = {isa = PBXBuildFile; fileRef = FE25DB2829FFF58B002FA30A /* LoginView.swift */; };
		FE25DB2B29FFF5A3002FA30A /* LoginViewModel.swift in Sources */ = {isa = PBXBuildFile; fileRef = FE25DB2A29FFF5A3002FA30A /* LoginViewModel.swift */; };
		FE25DB2D29FFF665002FA30A /* NetworkError.swift in Sources */ = {isa = PBXBuildFile; fileRef = FE25DB2C29FFF665002FA30A /* NetworkError.swift */; };
		FE25DB3129FFFB7A002FA30A /* AuthService.swift in Sources */ = {isa = PBXBuildFile; fileRef = FE25DB3029FFFB7A002FA30A /* AuthService.swift */; };
		FE25DB3529FFFCD8002FA30A /* TokenInfo.swift in Sources */ = {isa = PBXBuildFile; fileRef = FE25DB3429FFFCD8002FA30A /* TokenInfo.swift */; };
		FE25DB3729FFFEB6002FA30A /* User.swift in Sources */ = {isa = PBXBuildFile; fileRef = FE25DB3629FFFEB6002FA30A /* User.swift */; };
		FE25DB3B29FFFF76002FA30A /* Gender.swift in Sources */ = {isa = PBXBuildFile; fileRef = FE25DB3A29FFFF76002FA30A /* Gender.swift */; };
		FE25DB3D2A0000F1002FA30A /* OAuthProvider.swift in Sources */ = {isa = PBXBuildFile; fileRef = FE25DB3C2A0000F1002FA30A /* OAuthProvider.swift */; };
		FE25DB3F2A000127002FA30A /* PlatformType.swift in Sources */ = {isa = PBXBuildFile; fileRef = FE25DB3E2A000127002FA30A /* PlatformType.swift */; };
		FE25DB412A00015D002FA30A /* BallFightType.swift in Sources */ = {isa = PBXBuildFile; fileRef = FE25DB402A00015D002FA30A /* BallFightType.swift */; };
		FE25DB442A0002FC002FA30A /* Endpoint+Auth.swift in Sources */ = {isa = PBXBuildFile; fileRef = FE25DB432A0002FC002FA30A /* Endpoint+Auth.swift */; };
		FE25DB492A0010A8002FA30A /* LaunchStateService.swift in Sources */ = {isa = PBXBuildFile; fileRef = FE25DB482A0010A8002FA30A /* LaunchStateService.swift */; };
		FE25DB4B2A0011DF002FA30A /* SplashView.swift in Sources */ = {isa = PBXBuildFile; fileRef = FE25DB4A2A0011DF002FA30A /* SplashView.swift */; };
		FE25DB4D2A00147E002FA30A /* LoginReq.swift in Sources */ = {isa = PBXBuildFile; fileRef = FE25DB4C2A00147E002FA30A /* LoginReq.swift */; };
		FE25DB502A001647002FA30A /* ApiResponse.swift in Sources */ = {isa = PBXBuildFile; fileRef = FE25DB4F2A001647002FA30A /* ApiResponse.swift */; };
		FE25DB532A0017EE002FA30A /* Extensions.swift in Sources */ = {isa = PBXBuildFile; fileRef = FE25DB522A0017EE002FA30A /* Extensions.swift */; };
		FE3C29F52A09564800978787 /* RegistrationView.swift in Sources */ = {isa = PBXBuildFile; fileRef = FE3C29F42A09564800978787 /* RegistrationView.swift */; };
		FE3C29FC2A09568400978787 /* FindPasswordView.swift in Sources */ = {isa = PBXBuildFile; fileRef = FE3C29FB2A09568400978787 /* FindPasswordView.swift */; };
		FE3C29FE2A09575100978787 /* PageHeader.swift in Sources */ = {isa = PBXBuildFile; fileRef = FE3C29FD2A09575100978787 /* PageHeader.swift */; };
		FE3C2A032A0A7ED700978787 /* CheckBoxToggle.swift in Sources */ = {isa = PBXBuildFile; fileRef = FE3C2A022A0A7ED700978787 /* CheckBoxToggle.swift */; };
		FE3C2A052A0A9F8300978787 /* RegistrationViewModel.swift in Sources */ = {isa = PBXBuildFile; fileRef = FE3C2A042A0A9F8300978787 /* RegistrationViewModel.swift */; };
		FE3C2A072A0AA02D00978787 /* Agreement.swift in Sources */ = {isa = PBXBuildFile; fileRef = FE3C2A062A0AA02D00978787 /* Agreement.swift */; };
		FE5C78202A24E90A006FC48D /* ScorecardListView.swift in Sources */ = {isa = PBXBuildFile; fileRef = FE5C781F2A24E90A006FC48D /* ScorecardListView.swift */; };
		FE5C78242A24F130006FC48D /* NasmoListView.swift in Sources */ = {isa = PBXBuildFile; fileRef = FE5C78232A24F130006FC48D /* NasmoListView.swift */; };
		FE5C78262A24F139006FC48D /* NasmoDetailView.swift in Sources */ = {isa = PBXBuildFile; fileRef = FE5C78252A24F139006FC48D /* NasmoDetailView.swift */; };
		FE5C78282A24F182006FC48D /* ScorecardDetailView.swift in Sources */ = {isa = PBXBuildFile; fileRef = FE5C78272A24F182006FC48D /* ScorecardDetailView.swift */; };
		FEB9E56B2A0935DF00DAA33C /* NotoSansKR-Black.otf in Resources */ = {isa = PBXBuildFile; fileRef = FEB9E5652A0935DF00DAA33C /* NotoSansKR-Black.otf */; };
		FEB9E56C2A0935DF00DAA33C /* NotoSansKR-Thin.otf in Resources */ = {isa = PBXBuildFile; fileRef = FEB9E5662A0935DF00DAA33C /* NotoSansKR-Thin.otf */; };
		FEB9E56D2A0935DF00DAA33C /* NotoSansKR-Bold.otf in Resources */ = {isa = PBXBuildFile; fileRef = FEB9E5672A0935DF00DAA33C /* NotoSansKR-Bold.otf */; };
		FEB9E56E2A0935DF00DAA33C /* NotoSansKR-Regular.otf in Resources */ = {isa = PBXBuildFile; fileRef = FEB9E5682A0935DF00DAA33C /* NotoSansKR-Regular.otf */; };
		FEB9E56F2A0935DF00DAA33C /* NotoSansKR-Medium.otf in Resources */ = {isa = PBXBuildFile; fileRef = FEB9E5692A0935DF00DAA33C /* NotoSansKR-Medium.otf */; };
		FEB9E5702A0935DF00DAA33C /* NotoSansKR-Light.otf in Resources */ = {isa = PBXBuildFile; fileRef = FEB9E56A2A0935DF00DAA33C /* NotoSansKR-Light.otf */; };
		FEB9E5722A09376A00DAA33C /* Spacing.swift in Sources */ = {isa = PBXBuildFile; fileRef = FEB9E5712A09376A00DAA33C /* Spacing.swift */; };
		FEB9E5772A093CAD00DAA33C /* HomeView.swift in Sources */ = {isa = PBXBuildFile; fileRef = FEB9E5762A093CAD00DAA33C /* HomeView.swift */; };
		FEB9E57A2A093FA600DAA33C /* RoundedCorner.swift in Sources */ = {isa = PBXBuildFile; fileRef = FEB9E5792A093FA600DAA33C /* RoundedCorner.swift */; };
		FEF2D20F2A1A2EF1007487A4 /* DefaultButton.swift in Sources */ = {isa = PBXBuildFile; fileRef = FEF2D20E2A1A2EF1007487A4 /* DefaultButton.swift */; };
/* End PBXBuildFile section */

/* Begin PBXContainerItemProxy section */
		FE1D92DF298E14FD009EF316 /* PBXContainerItemProxy */ = {
			isa = PBXContainerItemProxy;
			containerPortal = FE1D92C1298E14FC009EF316 /* Project object */;
			proxyType = 1;
			remoteGlobalIDString = FE1D92C8298E14FC009EF316;
			remoteInfo = TswUseriOS;
		};
		FE1D92E9298E14FD009EF316 /* PBXContainerItemProxy */ = {
			isa = PBXContainerItemProxy;
			containerPortal = FE1D92C1298E14FC009EF316 /* Project object */;
			proxyType = 1;
			remoteGlobalIDString = FE1D92C8298E14FC009EF316;
			remoteInfo = TswUseriOS;
		};
/* End PBXContainerItemProxy section */

/* Begin PBXFileReference section */
		FE1D92C9298E14FC009EF316 /* TswUseriOS.app */ = {isa = PBXFileReference; explicitFileType = wrapper.application; includeInIndex = 0; path = TswUseriOS.app; sourceTree = BUILT_PRODUCTS_DIR; };
		FE1D92CC298E14FC009EF316 /* TswUseriOSApp.swift */ = {isa = PBXFileReference; lastKnownFileType = sourcecode.swift; path = TswUseriOSApp.swift; sourceTree = "<group>"; };
		FE1D92CE298E14FC009EF316 /* ContentView.swift */ = {isa = PBXFileReference; lastKnownFileType = sourcecode.swift; path = ContentView.swift; sourceTree = "<group>"; };
		FE1D92D0298E14FD009EF316 /* Assets.xcassets */ = {isa = PBXFileReference; lastKnownFileType = folder.assetcatalog; path = Assets.xcassets; sourceTree = "<group>"; };
		FE1D92D3298E14FD009EF316 /* Preview Assets.xcassets */ = {isa = PBXFileReference; lastKnownFileType = folder.assetcatalog; path = "Preview Assets.xcassets"; sourceTree = "<group>"; };
		FE1D92D5298E14FD009EF316 /* Persistence.swift */ = {isa = PBXFileReference; lastKnownFileType = sourcecode.swift; path = Persistence.swift; sourceTree = "<group>"; };
		FE1D92D8298E14FD009EF316 /* TswUseriOS.xcdatamodel */ = {isa = PBXFileReference; lastKnownFileType = wrapper.xcdatamodel; path = TswUseriOS.xcdatamodel; sourceTree = "<group>"; };
		FE1D92DE298E14FD009EF316 /* TswUseriOSTests.xctest */ = {isa = PBXFileReference; explicitFileType = wrapper.cfbundle; includeInIndex = 0; path = TswUseriOSTests.xctest; sourceTree = BUILT_PRODUCTS_DIR; };
		FE1D92E2298E14FD009EF316 /* TswUseriOSTests.swift */ = {isa = PBXFileReference; lastKnownFileType = sourcecode.swift; path = TswUseriOSTests.swift; sourceTree = "<group>"; };
		FE1D92E8298E14FD009EF316 /* TswUseriOSUITests.xctest */ = {isa = PBXFileReference; explicitFileType = wrapper.cfbundle; includeInIndex = 0; path = TswUseriOSUITests.xctest; sourceTree = BUILT_PRODUCTS_DIR; };
		FE1D92EC298E14FD009EF316 /* TswUseriOSUITests.swift */ = {isa = PBXFileReference; lastKnownFileType = sourcecode.swift; path = TswUseriOSUITests.swift; sourceTree = "<group>"; };
		FE1D92EE298E14FD009EF316 /* TswUseriOSUITestsLaunchTests.swift */ = {isa = PBXFileReference; lastKnownFileType = sourcecode.swift; path = TswUseriOSUITestsLaunchTests.swift; sourceTree = "<group>"; };
		FE1D92FE298E23AF009EF316 /* GoogleService-Info.plist */ = {isa = PBXFileReference; fileEncoding = 4; lastKnownFileType = text.plist.xml; path = "GoogleService-Info.plist"; sourceTree = "<group>"; };
		FE1D9305298E2B79009EF316 /* Info.plist */ = {isa = PBXFileReference; lastKnownFileType = text.plist.xml; path = Info.plist; sourceTree = "<group>"; };
		FE1D9306298E2B9B009EF316 /* TswUseriOS.entitlements */ = {isa = PBXFileReference; lastKnownFileType = text.plist.entitlements; path = TswUseriOS.entitlements; sourceTree = "<group>"; };
		FE1D9307298E2C51009EF316 /* AppDelegate.swift */ = {isa = PBXFileReference; lastKnownFileType = sourcecode.swift; path = AppDelegate.swift; sourceTree = "<group>"; };
		FE25DB1F29FFED63002FA30A /* Endpoint.swift */ = {isa = PBXFileReference; lastKnownFileType = sourcecode.swift; path = Endpoint.swift; sourceTree = "<group>"; };
		FE25DB2229FFEDA5002FA30A /* Networker.swift */ = {isa = PBXFileReference; lastKnownFileType = sourcecode.swift; path = Networker.swift; sourceTree = "<group>"; };
		FE25DB2429FFEFC0002FA30A /* Endpoint+URL.swift */ = {isa = PBXFileReference; lastKnownFileType = sourcecode.swift; path = "Endpoint+URL.swift"; sourceTree = "<group>"; };
		FE25DB2829FFF58B002FA30A /* LoginView.swift */ = {isa = PBXFileReference; lastKnownFileType = sourcecode.swift; path = LoginView.swift; sourceTree = "<group>"; };
		FE25DB2A29FFF5A3002FA30A /* LoginViewModel.swift */ = {isa = PBXFileReference; lastKnownFileType = sourcecode.swift; path = LoginViewModel.swift; sourceTree = "<group>"; };
		FE25DB2C29FFF665002FA30A /* NetworkError.swift */ = {isa = PBXFileReference; lastKnownFileType = sourcecode.swift; path = NetworkError.swift; sourceTree = "<group>"; };
		FE25DB3029FFFB7A002FA30A /* AuthService.swift */ = {isa = PBXFileReference; lastKnownFileType = sourcecode.swift; path = AuthService.swift; sourceTree = "<group>"; };
		FE25DB3429FFFCD8002FA30A /* TokenInfo.swift */ = {isa = PBXFileReference; lastKnownFileType = sourcecode.swift; path = TokenInfo.swift; sourceTree = "<group>"; };
		FE25DB3629FFFEB6002FA30A /* User.swift */ = {isa = PBXFileReference; lastKnownFileType = sourcecode.swift; path = User.swift; sourceTree = "<group>"; };
		FE25DB3A29FFFF76002FA30A /* Gender.swift */ = {isa = PBXFileReference; lastKnownFileType = sourcecode.swift; path = Gender.swift; sourceTree = "<group>"; };
		FE25DB3C2A0000F1002FA30A /* OAuthProvider.swift */ = {isa = PBXFileReference; lastKnownFileType = sourcecode.swift; path = OAuthProvider.swift; sourceTree = "<group>"; };
		FE25DB3E2A000127002FA30A /* PlatformType.swift */ = {isa = PBXFileReference; lastKnownFileType = sourcecode.swift; path = PlatformType.swift; sourceTree = "<group>"; };
		FE25DB402A00015D002FA30A /* BallFightType.swift */ = {isa = PBXFileReference; lastKnownFileType = sourcecode.swift; path = BallFightType.swift; sourceTree = "<group>"; };
		FE25DB432A0002FC002FA30A /* Endpoint+Auth.swift */ = {isa = PBXFileReference; lastKnownFileType = sourcecode.swift; path = "Endpoint+Auth.swift"; sourceTree = "<group>"; };
		FE25DB482A0010A8002FA30A /* LaunchStateService.swift */ = {isa = PBXFileReference; lastKnownFileType = sourcecode.swift; path = LaunchStateService.swift; sourceTree = "<group>"; };
		FE25DB4A2A0011DF002FA30A /* SplashView.swift */ = {isa = PBXFileReference; lastKnownFileType = sourcecode.swift; path = SplashView.swift; sourceTree = "<group>"; };
		FE25DB4C2A00147E002FA30A /* LoginReq.swift */ = {isa = PBXFileReference; lastKnownFileType = sourcecode.swift; path = LoginReq.swift; sourceTree = "<group>"; };
		FE25DB4F2A001647002FA30A /* ApiResponse.swift */ = {isa = PBXFileReference; lastKnownFileType = sourcecode.swift; path = ApiResponse.swift; sourceTree = "<group>"; };
		FE25DB522A0017EE002FA30A /* Extensions.swift */ = {isa = PBXFileReference; lastKnownFileType = sourcecode.swift; path = Extensions.swift; sourceTree = "<group>"; };
		FE3C29F42A09564800978787 /* RegistrationView.swift */ = {isa = PBXFileReference; lastKnownFileType = sourcecode.swift; path = RegistrationView.swift; sourceTree = "<group>"; };
		FE3C29FB2A09568400978787 /* FindPasswordView.swift */ = {isa = PBXFileReference; lastKnownFileType = sourcecode.swift; path = FindPasswordView.swift; sourceTree = "<group>"; };
		FE3C29FD2A09575100978787 /* PageHeader.swift */ = {isa = PBXFileReference; lastKnownFileType = sourcecode.swift; path = PageHeader.swift; sourceTree = "<group>"; };
		FE3C2A022A0A7ED700978787 /* CheckBoxToggle.swift */ = {isa = PBXFileReference; lastKnownFileType = sourcecode.swift; path = CheckBoxToggle.swift; sourceTree = "<group>"; };
		FE3C2A042A0A9F8300978787 /* RegistrationViewModel.swift */ = {isa = PBXFileReference; lastKnownFileType = sourcecode.swift; path = RegistrationViewModel.swift; sourceTree = "<group>"; };
		FE3C2A062A0AA02D00978787 /* Agreement.swift */ = {isa = PBXFileReference; lastKnownFileType = sourcecode.swift; path = Agreement.swift; sourceTree = "<group>"; };
		FE5C781F2A24E90A006FC48D /* ScorecardListView.swift */ = {isa = PBXFileReference; lastKnownFileType = sourcecode.swift; path = ScorecardListView.swift; sourceTree = "<group>"; };
		FE5C78232A24F130006FC48D /* NasmoListView.swift */ = {isa = PBXFileReference; lastKnownFileType = sourcecode.swift; path = NasmoListView.swift; sourceTree = "<group>"; };
		FE5C78252A24F139006FC48D /* NasmoDetailView.swift */ = {isa = PBXFileReference; lastKnownFileType = sourcecode.swift; path = NasmoDetailView.swift; sourceTree = "<group>"; };
		FE5C78272A24F182006FC48D /* ScorecardDetailView.swift */ = {isa = PBXFileReference; lastKnownFileType = sourcecode.swift; path = ScorecardDetailView.swift; sourceTree = "<group>"; };
		FEB9E5652A0935DF00DAA33C /* NotoSansKR-Black.otf */ = {isa = PBXFileReference; lastKnownFileType = file; path = "NotoSansKR-Black.otf"; sourceTree = "<group>"; };
		FEB9E5662A0935DF00DAA33C /* NotoSansKR-Thin.otf */ = {isa = PBXFileReference; lastKnownFileType = file; path = "NotoSansKR-Thin.otf"; sourceTree = "<group>"; };
		FEB9E5672A0935DF00DAA33C /* NotoSansKR-Bold.otf */ = {isa = PBXFileReference; lastKnownFileType = file; path = "NotoSansKR-Bold.otf"; sourceTree = "<group>"; };
		FEB9E5682A0935DF00DAA33C /* NotoSansKR-Regular.otf */ = {isa = PBXFileReference; lastKnownFileType = file; path = "NotoSansKR-Regular.otf"; sourceTree = "<group>"; };
		FEB9E5692A0935DF00DAA33C /* NotoSansKR-Medium.otf */ = {isa = PBXFileReference; lastKnownFileType = file; path = "NotoSansKR-Medium.otf"; sourceTree = "<group>"; };
		FEB9E56A2A0935DF00DAA33C /* NotoSansKR-Light.otf */ = {isa = PBXFileReference; lastKnownFileType = file; path = "NotoSansKR-Light.otf"; sourceTree = "<group>"; };
		FEB9E5712A09376A00DAA33C /* Spacing.swift */ = {isa = PBXFileReference; lastKnownFileType = sourcecode.swift; path = Spacing.swift; sourceTree = "<group>"; };
		FEB9E5762A093CAD00DAA33C /* HomeView.swift */ = {isa = PBXFileReference; lastKnownFileType = sourcecode.swift; path = HomeView.swift; sourceTree = "<group>"; };
		FEB9E5792A093FA600DAA33C /* RoundedCorner.swift */ = {isa = PBXFileReference; lastKnownFileType = sourcecode.swift; path = RoundedCorner.swift; sourceTree = "<group>"; };
		FEF2D20E2A1A2EF1007487A4 /* DefaultButton.swift */ = {isa = PBXFileReference; lastKnownFileType = sourcecode.swift; path = DefaultButton.swift; sourceTree = "<group>"; };
/* End PBXFileReference section */

/* Begin PBXFrameworksBuildPhase section */
		FE1D92C6298E14FC009EF316 /* Frameworks */ = {
			isa = PBXFrameworksBuildPhase;
			buildActionMask = 2147483647;
			files = (
				FE1D9304298E27A4009EF316 /* FirebaseMessaging in Frameworks */,
				FE1D9302298E27A4009EF316 /* FirebaseAnalytics in Frameworks */,
			);
			runOnlyForDeploymentPostprocessing = 0;
		};
		FE1D92DB298E14FD009EF316 /* Frameworks */ = {
			isa = PBXFrameworksBuildPhase;
			buildActionMask = 2147483647;
			files = (
			);
			runOnlyForDeploymentPostprocessing = 0;
		};
		FE1D92E5298E14FD009EF316 /* Frameworks */ = {
			isa = PBXFrameworksBuildPhase;
			buildActionMask = 2147483647;
			files = (
			);
			runOnlyForDeploymentPostprocessing = 0;
		};
/* End PBXFrameworksBuildPhase section */

/* Begin PBXGroup section */
		FE1D92C0298E14FC009EF316 = {
			isa = PBXGroup;
			children = (
				FE1D92CB298E14FC009EF316 /* TswUseriOS */,
				FE1D92E1298E14FD009EF316 /* TswUseriOSTests */,
				FE1D92EB298E14FD009EF316 /* TswUseriOSUITests */,
				FE1D92CA298E14FC009EF316 /* Products */,
			);
			sourceTree = "<group>";
		};
		FE1D92CA298E14FC009EF316 /* Products */ = {
			isa = PBXGroup;
			children = (
				FE1D92C9298E14FC009EF316 /* TswUseriOS.app */,
				FE1D92DE298E14FD009EF316 /* TswUseriOSTests.xctest */,
				FE1D92E8298E14FD009EF316 /* TswUseriOSUITests.xctest */,
			);
			name = Products;
			sourceTree = "<group>";
		};
		FE1D92CB298E14FC009EF316 /* TswUseriOS */ = {
			isa = PBXGroup;
			children = (
				FEB9E5642A0935C100DAA33C /* Fonts */,
				FE25DB512A0017D6002FA30A /* Helpers */,
				FE25DB2729FFF549002FA30A /* Support */,
				FE25DB1B29FFECCD002FA30A /* App */,
				FE25DB1C29FFECDD002FA30A /* Presentation */,
				FE25DB1D29FFECF1002FA30A /* Business Logic */,
				FE25DB1E29FFED12002FA30A /* Core */,
				FE1D92D5298E14FD009EF316 /* Persistence.swift */,
				FE1D92D7298E14FD009EF316 /* TswUseriOS.xcdatamodeld */,
				FE1D9306298E2B9B009EF316 /* TswUseriOS.entitlements */,
				FE1D92FE298E23AF009EF316 /* GoogleService-Info.plist */,
			);
			path = TswUseriOS;
			sourceTree = "<group>";
		};
		FE1D92D2298E14FD009EF316 /* Preview Content */ = {
			isa = PBXGroup;
			children = (
				FE1D92D3298E14FD009EF316 /* Preview Assets.xcassets */,
			);
			path = "Preview Content";
			sourceTree = "<group>";
		};
		FE1D92E1298E14FD009EF316 /* TswUseriOSTests */ = {
			isa = PBXGroup;
			children = (
				FE1D92E2298E14FD009EF316 /* TswUseriOSTests.swift */,
			);
			path = TswUseriOSTests;
			sourceTree = "<group>";
		};
		FE1D92EB298E14FD009EF316 /* TswUseriOSUITests */ = {
			isa = PBXGroup;
			children = (
				FE1D92EC298E14FD009EF316 /* TswUseriOSUITests.swift */,
				FE1D92EE298E14FD009EF316 /* TswUseriOSUITestsLaunchTests.swift */,
			);
			path = TswUseriOSUITests;
			sourceTree = "<group>";
		};
		FE25DB1B29FFECCD002FA30A /* App */ = {
			isa = PBXGroup;
			children = (
				FE1D9307298E2C51009EF316 /* AppDelegate.swift */,
				FE1D92CC298E14FC009EF316 /* TswUseriOSApp.swift */,
			);
			path = App;
			sourceTree = "<group>";
		};
		FE25DB1C29FFECDD002FA30A /* Presentation */ = {
			isa = PBXGroup;
			children = (
				FE5C78222A24F11F006FC48D /* Nasmo */,
				FE5C781E2A24E8FC006FC48D /* Scorecard */,
				FEB9E57B2A09403500DAA33C /* Components */,
				FEB9E5732A093C9300DAA33C /* Home */,
				FE25DB452A000D5B002FA30A /* Splash */,
				FE25DB2629FFF4E5002FA30A /* Auth */,
				FE1D92CE298E14FC009EF316 /* ContentView.swift */,
			);
			path = Presentation;
			sourceTree = "<group>";
		};
		FE25DB1D29FFECF1002FA30A /* Business Logic */ = {
			isa = PBXGroup;
			children = (
				FE25DB3829FFFF66002FA30A /* Enums */,
				FE25DB3229FFFC19002FA30A /* Models */,
				FE25DB2F29FFFB46002FA30A /* Services */,
				FE25DB2E29FFFB24002FA30A /* Endporints */,
			);
			path = "Business Logic";
			sourceTree = "<group>";
		};
		FE25DB1E29FFED12002FA30A /* Core */ = {
			isa = PBXGroup;
			children = (
				FE25DB4E2A001639002FA30A /* Models */,
				FE25DB1F29FFED63002FA30A /* Endpoint.swift */,
				FE25DB2229FFEDA5002FA30A /* Networker.swift */,
				FE25DB2C29FFF665002FA30A /* NetworkError.swift */,
			);
			path = Core;
			sourceTree = "<group>";
		};
		FE25DB2629FFF4E5002FA30A /* Auth */ = {
			isa = PBXGroup;
			children = (
				FE3C29F92A09567300978787 /* FindPassword */,
				FE3C29F72A09566200978787 /* Login */,
				FE3C29F62A09565900978787 /* Registration */,
			);
			path = Auth;
			sourceTree = "<group>";
		};
		FE25DB2729FFF549002FA30A /* Support */ = {
			isa = PBXGroup;
			children = (
				FE1D92D2298E14FD009EF316 /* Preview Content */,
				FE1D9305298E2B79009EF316 /* Info.plist */,
				FE1D92D0298E14FD009EF316 /* Assets.xcassets */,
			);
			path = Support;
			sourceTree = "<group>";
		};
		FE25DB2E29FFFB24002FA30A /* Endporints */ = {
			isa = PBXGroup;
			children = (
				FE25DB2429FFEFC0002FA30A /* Endpoint+URL.swift */,
				FE25DB432A0002FC002FA30A /* Endpoint+Auth.swift */,
			);
			path = Endporints;
			sourceTree = "<group>";
		};
		FE25DB2F29FFFB46002FA30A /* Services */ = {
			isa = PBXGroup;
			children = (
				FE25DB3029FFFB7A002FA30A /* AuthService.swift */,
				FE25DB482A0010A8002FA30A /* LaunchStateService.swift */,
			);
			path = Services;
			sourceTree = "<group>";
		};
		FE25DB3229FFFC19002FA30A /* Models */ = {
			isa = PBXGroup;
			children = (
				FE25DB3329FFFC1E002FA30A /* Auth */,
			);
			path = Models;
			sourceTree = "<group>";
		};
		FE25DB3329FFFC1E002FA30A /* Auth */ = {
			isa = PBXGroup;
			children = (
				FE25DB3429FFFCD8002FA30A /* TokenInfo.swift */,
				FE25DB3629FFFEB6002FA30A /* User.swift */,
				FE25DB4C2A00147E002FA30A /* LoginReq.swift */,
			);
			path = Auth;
			sourceTree = "<group>";
		};
		FE25DB3829FFFF66002FA30A /* Enums */ = {
			isa = PBXGroup;
			children = (
				FE25DB3A29FFFF76002FA30A /* Gender.swift */,
				FE25DB3C2A0000F1002FA30A /* OAuthProvider.swift */,
				FE25DB3E2A000127002FA30A /* PlatformType.swift */,
				FE25DB402A00015D002FA30A /* BallFightType.swift */,
			);
			path = Enums;
			sourceTree = "<group>";
		};
		FE25DB452A000D5B002FA30A /* Splash */ = {
			isa = PBXGroup;
			children = (
				FE25DB4A2A0011DF002FA30A /* SplashView.swift */,
			);
			path = Splash;
			sourceTree = "<group>";
		};
		FE25DB4E2A001639002FA30A /* Models */ = {
			isa = PBXGroup;
			children = (
				FE25DB4F2A001647002FA30A /* ApiResponse.swift */,
			);
			path = Models;
			sourceTree = "<group>";
		};
		FE25DB512A0017D6002FA30A /* Helpers */ = {
			isa = PBXGroup;
			children = (
				FE25DB522A0017EE002FA30A /* Extensions.swift */,
				FEB9E5712A09376A00DAA33C /* Spacing.swift */,
				FEB9E5792A093FA600DAA33C /* RoundedCorner.swift */,
			);
			path = Helpers;
			sourceTree = "<group>";
		};
		FE3C29F62A09565900978787 /* Registration */ = {
			isa = PBXGroup;
			children = (
				FE3C29F42A09564800978787 /* RegistrationView.swift */,
				FE3C2A042A0A9F8300978787 /* RegistrationViewModel.swift */,
				FE3C2A062A0AA02D00978787 /* Agreement.swift */,
			);
			path = Registration;
			sourceTree = "<group>";
		};
		FE3C29F72A09566200978787 /* Login */ = {
			isa = PBXGroup;
			children = (
				FE25DB2829FFF58B002FA30A /* LoginView.swift */,
				FE25DB2A29FFF5A3002FA30A /* LoginViewModel.swift */,
			);
			path = Login;
			sourceTree = "<group>";
		};
		FE3C29F92A09567300978787 /* FindPassword */ = {
			isa = PBXGroup;
			children = (
				FE3C29FB2A09568400978787 /* FindPasswordView.swift */,
			);
			path = FindPassword;
			sourceTree = "<group>";
		};
		FE5C781E2A24E8FC006FC48D /* Scorecard */ = {
			isa = PBXGroup;
			children = (
				FE5C781F2A24E90A006FC48D /* ScorecardListView.swift */,
				FE5C78272A24F182006FC48D /* ScorecardDetailView.swift */,
			);
			path = Scorecard;
			sourceTree = "<group>";
		};
		FE5C78222A24F11F006FC48D /* Nasmo */ = {
			isa = PBXGroup;
			children = (
				FE5C78232A24F130006FC48D /* NasmoListView.swift */,
				FE5C78252A24F139006FC48D /* NasmoDetailView.swift */,
			);
			path = Nasmo;
			sourceTree = "<group>";
		};
		FEB9E5642A0935C100DAA33C /* Fonts */ = {
			isa = PBXGroup;
			children = (
				FEB9E5652A0935DF00DAA33C /* NotoSansKR-Black.otf */,
				FEB9E5672A0935DF00DAA33C /* NotoSansKR-Bold.otf */,
				FEB9E56A2A0935DF00DAA33C /* NotoSansKR-Light.otf */,
				FEB9E5692A0935DF00DAA33C /* NotoSansKR-Medium.otf */,
				FEB9E5682A0935DF00DAA33C /* NotoSansKR-Regular.otf */,
				FEB9E5662A0935DF00DAA33C /* NotoSansKR-Thin.otf */,
			);
			path = Fonts;
			sourceTree = "<group>";
		};
		FEB9E5732A093C9300DAA33C /* Home */ = {
			isa = PBXGroup;
			children = (
				FEB9E5762A093CAD00DAA33C /* HomeView.swift */,
			);
			path = Home;
			sourceTree = "<group>";
		};
		FEB9E57B2A09403500DAA33C /* Components */ = {
			isa = PBXGroup;
			children = (
				FEB9E57C2A09403D00DAA33C /* Common */,
			);
			path = Components;
			sourceTree = "<group>";
		};
		FEB9E57C2A09403D00DAA33C /* Common */ = {
			isa = PBXGroup;
			children = (
				FE3C29FD2A09575100978787 /* PageHeader.swift */,
				FE3C2A022A0A7ED700978787 /* CheckBoxToggle.swift */,
				FEF2D20E2A1A2EF1007487A4 /* DefaultButton.swift */,
			);
			path = Common;
			sourceTree = "<group>";
		};
/* End PBXGroup section */

/* Begin PBXNativeTarget section */
		FE1D92C8298E14FC009EF316 /* TswUseriOS */ = {
			isa = PBXNativeTarget;
			buildConfigurationList = FE1D92F2298E14FD009EF316 /* Build configuration list for PBXNativeTarget "TswUseriOS" */;
			buildPhases = (
				FE1D92C5298E14FC009EF316 /* Sources */,
				FE1D92C6298E14FC009EF316 /* Frameworks */,
				FE1D92C7298E14FC009EF316 /* Resources */,
			);
			buildRules = (
			);
			dependencies = (
			);
			name = TswUseriOS;
			packageProductDependencies = (
				FE1D9301298E27A4009EF316 /* FirebaseAnalytics */,
				FE1D9303298E27A4009EF316 /* FirebaseMessaging */,
			);
			productName = TswUseriOS;
			productReference = FE1D92C9298E14FC009EF316 /* TswUseriOS.app */;
			productType = "com.apple.product-type.application";
		};
		FE1D92DD298E14FD009EF316 /* TswUseriOSTests */ = {
			isa = PBXNativeTarget;
			buildConfigurationList = FE1D92F5298E14FD009EF316 /* Build configuration list for PBXNativeTarget "TswUseriOSTests" */;
			buildPhases = (
				FE1D92DA298E14FD009EF316 /* Sources */,
				FE1D92DB298E14FD009EF316 /* Frameworks */,
				FE1D92DC298E14FD009EF316 /* Resources */,
			);
			buildRules = (
			);
			dependencies = (
				FE1D92E0298E14FD009EF316 /* PBXTargetDependency */,
			);
			name = TswUseriOSTests;
			productName = TswUseriOSTests;
			productReference = FE1D92DE298E14FD009EF316 /* TswUseriOSTests.xctest */;
			productType = "com.apple.product-type.bundle.unit-test";
		};
		FE1D92E7298E14FD009EF316 /* TswUseriOSUITests */ = {
			isa = PBXNativeTarget;
			buildConfigurationList = FE1D92F8298E14FD009EF316 /* Build configuration list for PBXNativeTarget "TswUseriOSUITests" */;
			buildPhases = (
				FE1D92E4298E14FD009EF316 /* Sources */,
				FE1D92E5298E14FD009EF316 /* Frameworks */,
				FE1D92E6298E14FD009EF316 /* Resources */,
			);
			buildRules = (
			);
			dependencies = (
				FE1D92EA298E14FD009EF316 /* PBXTargetDependency */,
			);
			name = TswUseriOSUITests;
			productName = TswUseriOSUITests;
			productReference = FE1D92E8298E14FD009EF316 /* TswUseriOSUITests.xctest */;
			productType = "com.apple.product-type.bundle.ui-testing";
		};
/* End PBXNativeTarget section */

/* Begin PBXProject section */
		FE1D92C1298E14FC009EF316 /* Project object */ = {
			isa = PBXProject;
			attributes = {
				BuildIndependentTargetsInParallel = 1;
				LastSwiftUpdateCheck = 1420;
				LastUpgradeCheck = 1420;
				TargetAttributes = {
					FE1D92C8298E14FC009EF316 = {
						CreatedOnToolsVersion = 14.2;
					};
					FE1D92DD298E14FD009EF316 = {
						CreatedOnToolsVersion = 14.2;
						TestTargetID = FE1D92C8298E14FC009EF316;
					};
					FE1D92E7298E14FD009EF316 = {
						CreatedOnToolsVersion = 14.2;
						TestTargetID = FE1D92C8298E14FC009EF316;
					};
				};
			};
			buildConfigurationList = FE1D92C4298E14FC009EF316 /* Build configuration list for PBXProject "TswUseriOS" */;
			compatibilityVersion = "Xcode 14.0";
			developmentRegion = en;
			hasScannedForEncodings = 0;
			knownRegions = (
				en,
				Base,
			);
			mainGroup = FE1D92C0298E14FC009EF316;
			packageReferences = (
				FE1D9300298E27A4009EF316 /* XCRemoteSwiftPackageReference "firebase-ios-sdk" */,
			);
			productRefGroup = FE1D92CA298E14FC009EF316 /* Products */;
			projectDirPath = "";
			projectRoot = "";
			targets = (
				FE1D92C8298E14FC009EF316 /* TswUseriOS */,
				FE1D92DD298E14FD009EF316 /* TswUseriOSTests */,
				FE1D92E7298E14FD009EF316 /* TswUseriOSUITests */,
			);
		};
/* End PBXProject section */

/* Begin PBXResourcesBuildPhase section */
		FE1D92C7298E14FC009EF316 /* Resources */ = {
			isa = PBXResourcesBuildPhase;
			buildActionMask = 2147483647;
			files = (
				FE1D92D4298E14FD009EF316 /* Preview Assets.xcassets in Resources */,
				FE1D92FF298E23AF009EF316 /* GoogleService-Info.plist in Resources */,
				FE1D92D1298E14FD009EF316 /* Assets.xcassets in Resources */,
				FEB9E56B2A0935DF00DAA33C /* NotoSansKR-Black.otf in Resources */,
				FEB9E56F2A0935DF00DAA33C /* NotoSansKR-Medium.otf in Resources */,
				FEB9E56D2A0935DF00DAA33C /* NotoSansKR-Bold.otf in Resources */,
				FEB9E5702A0935DF00DAA33C /* NotoSansKR-Light.otf in Resources */,
				FEB9E56C2A0935DF00DAA33C /* NotoSansKR-Thin.otf in Resources */,
				FEB9E56E2A0935DF00DAA33C /* NotoSansKR-Regular.otf in Resources */,
			);
			runOnlyForDeploymentPostprocessing = 0;
		};
		FE1D92DC298E14FD009EF316 /* Resources */ = {
			isa = PBXResourcesBuildPhase;
			buildActionMask = 2147483647;
			files = (
			);
			runOnlyForDeploymentPostprocessing = 0;
		};
		FE1D92E6298E14FD009EF316 /* Resources */ = {
			isa = PBXResourcesBuildPhase;
			buildActionMask = 2147483647;
			files = (
			);
			runOnlyForDeploymentPostprocessing = 0;
		};
/* End PBXResourcesBuildPhase section */

/* Begin PBXSourcesBuildPhase section */
		FE1D92C5298E14FC009EF316 /* Sources */ = {
			isa = PBXSourcesBuildPhase;
			buildActionMask = 2147483647;
			files = (
				FE5C78282A24F182006FC48D /* ScorecardDetailView.swift in Sources */,
				FE1D92D6298E14FD009EF316 /* Persistence.swift in Sources */,
				FE3C29FC2A09568400978787 /* FindPasswordView.swift in Sources */,
				FE25DB2329FFEDA5002FA30A /* Networker.swift in Sources */,
				FE5C78242A24F130006FC48D /* NasmoListView.swift in Sources */,
				FE25DB4D2A00147E002FA30A /* LoginReq.swift in Sources */,
				FE3C29F52A09564800978787 /* RegistrationView.swift in Sources */,
				FE1D92CF298E14FC009EF316 /* ContentView.swift in Sources */,
				FE25DB412A00015D002FA30A /* BallFightType.swift in Sources */,
				FEF2D20F2A1A2EF1007487A4 /* DefaultButton.swift in Sources */,
				FE25DB3529FFFCD8002FA30A /* TokenInfo.swift in Sources */,
				FE5C78202A24E90A006FC48D /* ScorecardListView.swift in Sources */,
				FE25DB3129FFFB7A002FA30A /* AuthService.swift in Sources */,
				FE5C78262A24F139006FC48D /* NasmoDetailView.swift in Sources */,
				FE25DB502A001647002FA30A /* ApiResponse.swift in Sources */,
				FE25DB2929FFF58B002FA30A /* LoginView.swift in Sources */,
				FE3C2A032A0A7ED700978787 /* CheckBoxToggle.swift in Sources */,
				FE25DB3B29FFFF76002FA30A /* Gender.swift in Sources */,
				FE25DB3729FFFEB6002FA30A /* User.swift in Sources */,
				FE1D92CD298E14FC009EF316 /* TswUseriOSApp.swift in Sources */,
				FE25DB2529FFEFC0002FA30A /* Endpoint+URL.swift in Sources */,
				FE25DB3D2A0000F1002FA30A /* OAuthProvider.swift in Sources */,
				FE25DB492A0010A8002FA30A /* LaunchStateService.swift in Sources */,
				FEB9E5772A093CAD00DAA33C /* HomeView.swift in Sources */,
				FE1D9308298E2C51009EF316 /* AppDelegate.swift in Sources */,
				FE25DB3F2A000127002FA30A /* PlatformType.swift in Sources */,
				FE3C2A072A0AA02D00978787 /* Agreement.swift in Sources */,
				FE25DB2029FFED63002FA30A /* Endpoint.swift in Sources */,
				FE3C29FE2A09575100978787 /* PageHeader.swift in Sources */,
				FE25DB2B29FFF5A3002FA30A /* LoginViewModel.swift in Sources */,
				FE25DB532A0017EE002FA30A /* Extensions.swift in Sources */,
				FEB9E57A2A093FA600DAA33C /* RoundedCorner.swift in Sources */,
				FE25DB442A0002FC002FA30A /* Endpoint+Auth.swift in Sources */,
				FE25DB2D29FFF665002FA30A /* NetworkError.swift in Sources */,
				FEB9E5722A09376A00DAA33C /* Spacing.swift in Sources */,
				FE3C2A052A0A9F8300978787 /* RegistrationViewModel.swift in Sources */,
				FE1D92D9298E14FD009EF316 /* TswUseriOS.xcdatamodeld in Sources */,
				FE25DB4B2A0011DF002FA30A /* SplashView.swift in Sources */,
			);
			runOnlyForDeploymentPostprocessing = 0;
		};
		FE1D92DA298E14FD009EF316 /* Sources */ = {
			isa = PBXSourcesBuildPhase;
			buildActionMask = 2147483647;
			files = (
				FE1D92E3298E14FD009EF316 /* TswUseriOSTests.swift in Sources */,
			);
			runOnlyForDeploymentPostprocessing = 0;
		};
		FE1D92E4298E14FD009EF316 /* Sources */ = {
			isa = PBXSourcesBuildPhase;
			buildActionMask = 2147483647;
			files = (
				FE1D92EF298E14FD009EF316 /* TswUseriOSUITestsLaunchTests.swift in Sources */,
				FE1D92ED298E14FD009EF316 /* TswUseriOSUITests.swift in Sources */,
			);
			runOnlyForDeploymentPostprocessing = 0;
		};
/* End PBXSourcesBuildPhase section */

/* Begin PBXTargetDependency section */
		FE1D92E0298E14FD009EF316 /* PBXTargetDependency */ = {
			isa = PBXTargetDependency;
			target = FE1D92C8298E14FC009EF316 /* TswUseriOS */;
			targetProxy = FE1D92DF298E14FD009EF316 /* PBXContainerItemProxy */;
		};
		FE1D92EA298E14FD009EF316 /* PBXTargetDependency */ = {
			isa = PBXTargetDependency;
			target = FE1D92C8298E14FC009EF316 /* TswUseriOS */;
			targetProxy = FE1D92E9298E14FD009EF316 /* PBXContainerItemProxy */;
		};
/* End PBXTargetDependency section */

/* Begin XCBuildConfiguration section */
		FE1D92F0298E14FD009EF316 /* Debug */ = {
			isa = XCBuildConfiguration;
			buildSettings = {
				ALWAYS_SEARCH_USER_PATHS = NO;
				CLANG_ANALYZER_NONNULL = YES;
				CLANG_ANALYZER_NUMBER_OBJECT_CONVERSION = YES_AGGRESSIVE;
				CLANG_CXX_LANGUAGE_STANDARD = "gnu++20";
				CLANG_ENABLE_MODULES = YES;
				CLANG_ENABLE_OBJC_ARC = YES;
				CLANG_ENABLE_OBJC_WEAK = YES;
				CLANG_WARN_BLOCK_CAPTURE_AUTORELEASING = YES;
				CLANG_WARN_BOOL_CONVERSION = YES;
				CLANG_WARN_COMMA = YES;
				CLANG_WARN_CONSTANT_CONVERSION = YES;
				CLANG_WARN_DEPRECATED_OBJC_IMPLEMENTATIONS = YES;
				CLANG_WARN_DIRECT_OBJC_ISA_USAGE = YES_ERROR;
				CLANG_WARN_DOCUMENTATION_COMMENTS = YES;
				CLANG_WARN_EMPTY_BODY = YES;
				CLANG_WARN_ENUM_CONVERSION = YES;
				CLANG_WARN_INFINITE_RECURSION = YES;
				CLANG_WARN_INT_CONVERSION = YES;
				CLANG_WARN_NON_LITERAL_NULL_CONVERSION = YES;
				CLANG_WARN_OBJC_IMPLICIT_RETAIN_SELF = YES;
				CLANG_WARN_OBJC_LITERAL_CONVERSION = YES;
				CLANG_WARN_OBJC_ROOT_CLASS = YES_ERROR;
				CLANG_WARN_QUOTED_INCLUDE_IN_FRAMEWORK_HEADER = YES;
				CLANG_WARN_RANGE_LOOP_ANALYSIS = YES;
				CLANG_WARN_STRICT_PROTOTYPES = YES;
				CLANG_WARN_SUSPICIOUS_MOVE = YES;
				CLANG_WARN_UNGUARDED_AVAILABILITY = YES_AGGRESSIVE;
				CLANG_WARN_UNREACHABLE_CODE = YES;
				CLANG_WARN__DUPLICATE_METHOD_MATCH = YES;
				COPY_PHASE_STRIP = NO;
				DEBUG_INFORMATION_FORMAT = dwarf;
				ENABLE_STRICT_OBJC_MSGSEND = YES;
				ENABLE_TESTABILITY = YES;
				GCC_C_LANGUAGE_STANDARD = gnu11;
				GCC_DYNAMIC_NO_PIC = NO;
				GCC_NO_COMMON_BLOCKS = YES;
				GCC_OPTIMIZATION_LEVEL = 0;
				GCC_PREPROCESSOR_DEFINITIONS = (
					"DEBUG=1",
					"$(inherited)",
				);
				GCC_WARN_64_TO_32_BIT_CONVERSION = YES;
				GCC_WARN_ABOUT_RETURN_TYPE = YES_ERROR;
				GCC_WARN_UNDECLARED_SELECTOR = YES;
				GCC_WARN_UNINITIALIZED_AUTOS = YES_AGGRESSIVE;
				GCC_WARN_UNUSED_FUNCTION = YES;
				GCC_WARN_UNUSED_VARIABLE = YES;
				IPHONEOS_DEPLOYMENT_TARGET = 15.0;
				MTL_ENABLE_DEBUG_INFO = INCLUDE_SOURCE;
				MTL_FAST_MATH = YES;
				ONLY_ACTIVE_ARCH = YES;
				SDKROOT = iphoneos;
				SWIFT_ACTIVE_COMPILATION_CONDITIONS = DEBUG;
				SWIFT_OPTIMIZATION_LEVEL = "-Onone";
			};
			name = Debug;
		};
		FE1D92F1298E14FD009EF316 /* Release */ = {
			isa = XCBuildConfiguration;
			buildSettings = {
				ALWAYS_SEARCH_USER_PATHS = NO;
				CLANG_ANALYZER_NONNULL = YES;
				CLANG_ANALYZER_NUMBER_OBJECT_CONVERSION = YES_AGGRESSIVE;
				CLANG_CXX_LANGUAGE_STANDARD = "gnu++20";
				CLANG_ENABLE_MODULES = YES;
				CLANG_ENABLE_OBJC_ARC = YES;
				CLANG_ENABLE_OBJC_WEAK = YES;
				CLANG_WARN_BLOCK_CAPTURE_AUTORELEASING = YES;
				CLANG_WARN_BOOL_CONVERSION = YES;
				CLANG_WARN_COMMA = YES;
				CLANG_WARN_CONSTANT_CONVERSION = YES;
				CLANG_WARN_DEPRECATED_OBJC_IMPLEMENTATIONS = YES;
				CLANG_WARN_DIRECT_OBJC_ISA_USAGE = YES_ERROR;
				CLANG_WARN_DOCUMENTATION_COMMENTS = YES;
				CLANG_WARN_EMPTY_BODY = YES;
				CLANG_WARN_ENUM_CONVERSION = YES;
				CLANG_WARN_INFINITE_RECURSION = YES;
				CLANG_WARN_INT_CONVERSION = YES;
				CLANG_WARN_NON_LITERAL_NULL_CONVERSION = YES;
				CLANG_WARN_OBJC_IMPLICIT_RETAIN_SELF = YES;
				CLANG_WARN_OBJC_LITERAL_CONVERSION = YES;
				CLANG_WARN_OBJC_ROOT_CLASS = YES_ERROR;
				CLANG_WARN_QUOTED_INCLUDE_IN_FRAMEWORK_HEADER = YES;
				CLANG_WARN_RANGE_LOOP_ANALYSIS = YES;
				CLANG_WARN_STRICT_PROTOTYPES = YES;
				CLANG_WARN_SUSPICIOUS_MOVE = YES;
				CLANG_WARN_UNGUARDED_AVAILABILITY = YES_AGGRESSIVE;
				CLANG_WARN_UNREACHABLE_CODE = YES;
				CLANG_WARN__DUPLICATE_METHOD_MATCH = YES;
				COPY_PHASE_STRIP = NO;
				DEBUG_INFORMATION_FORMAT = "dwarf-with-dsym";
				ENABLE_NS_ASSERTIONS = NO;
				ENABLE_STRICT_OBJC_MSGSEND = YES;
				GCC_C_LANGUAGE_STANDARD = gnu11;
				GCC_NO_COMMON_BLOCKS = YES;
				GCC_WARN_64_TO_32_BIT_CONVERSION = YES;
				GCC_WARN_ABOUT_RETURN_TYPE = YES_ERROR;
				GCC_WARN_UNDECLARED_SELECTOR = YES;
				GCC_WARN_UNINITIALIZED_AUTOS = YES_AGGRESSIVE;
				GCC_WARN_UNUSED_FUNCTION = YES;
				GCC_WARN_UNUSED_VARIABLE = YES;
				IPHONEOS_DEPLOYMENT_TARGET = 15.0;
				MTL_ENABLE_DEBUG_INFO = NO;
				MTL_FAST_MATH = YES;
				SDKROOT = iphoneos;
				SWIFT_COMPILATION_MODE = wholemodule;
				SWIFT_OPTIMIZATION_LEVEL = "-O";
				VALIDATE_PRODUCT = YES;
			};
			name = Release;
		};
		FE1D92F3298E14FD009EF316 /* Debug */ = {
			isa = XCBuildConfiguration;
			buildSettings = {
				ASSETCATALOG_COMPILER_APPICON_NAME = AppIcon;
				ASSETCATALOG_COMPILER_GLOBAL_ACCENT_COLOR_NAME = AccentColor;
				CODE_SIGN_ENTITLEMENTS = TswUseriOS/TswUseriOS.entitlements;
				CODE_SIGN_STYLE = Automatic;
				CURRENT_PROJECT_VERSION = 1;
				DEVELOPMENT_ASSET_PATHS = "\"TswUseriOS/Support/Preview Content\"";
				DEVELOPMENT_TEAM = P7Z3Z9WK3X;
				ENABLE_PREVIEWS = YES;
				GENERATE_INFOPLIST_FILE = YES;
				INFOPLIST_FILE = TswUseriOS/Support/Info.plist;
				INFOPLIST_KEY_CFBundleDisplayName = "더스윙 플레이";
				INFOPLIST_KEY_LSApplicationCategoryType = "public.app-category.sports";
				INFOPLIST_KEY_UIApplicationSceneManifest_Generation = YES;
				INFOPLIST_KEY_UIApplicationSupportsIndirectInputEvents = YES;
				INFOPLIST_KEY_UILaunchScreen_Generation = YES;
				INFOPLIST_KEY_UIStatusBarStyle = "";
				INFOPLIST_KEY_UISupportedInterfaceOrientations = UIInterfaceOrientationPortrait;
				INFOPLIST_KEY_UISupportedInterfaceOrientations_iPad = "UIInterfaceOrientationLandscapeLeft UIInterfaceOrientationLandscapeRight UIInterfaceOrientationPortrait UIInterfaceOrientationPortraitUpsideDown";
				LD_RUNPATH_SEARCH_PATHS = (
					"$(inherited)",
					"@executable_path/Frameworks",
				);
				MARKETING_VERSION = 1.0;
				PRODUCT_BUNDLE_IDENTIFIER = io.cokee.TswUser.iOS;
				PRODUCT_NAME = "$(TARGET_NAME)";
				SUPPORTED_PLATFORMS = "iphoneos iphonesimulator";
				SUPPORTS_MACCATALYST = NO;
				SUPPORTS_MAC_DESIGNED_FOR_IPHONE_IPAD = NO;
				SWIFT_EMIT_LOC_STRINGS = YES;
				SWIFT_VERSION = 5.0;
				TARGETED_DEVICE_FAMILY = 1;
			};
			name = Debug;
		};
		FE1D92F4298E14FD009EF316 /* Release */ = {
			isa = XCBuildConfiguration;
			buildSettings = {
				ASSETCATALOG_COMPILER_APPICON_NAME = AppIcon;
				ASSETCATALOG_COMPILER_GLOBAL_ACCENT_COLOR_NAME = AccentColor;
				CODE_SIGN_ENTITLEMENTS = TswUseriOS/TswUseriOS.entitlements;
				CODE_SIGN_STYLE = Automatic;
				CURRENT_PROJECT_VERSION = 1;
				DEVELOPMENT_ASSET_PATHS = "\"TswUseriOS/Support/Preview Content\"";
				DEVELOPMENT_TEAM = P7Z3Z9WK3X;
				ENABLE_PREVIEWS = YES;
				GENERATE_INFOPLIST_FILE = YES;
				INFOPLIST_FILE = TswUseriOS/Support/Info.plist;
				INFOPLIST_KEY_CFBundleDisplayName = "더스윙 플레이";
				INFOPLIST_KEY_LSApplicationCategoryType = "public.app-category.sports";
				INFOPLIST_KEY_UIApplicationSceneManifest_Generation = YES;
				INFOPLIST_KEY_UIApplicationSupportsIndirectInputEvents = YES;
				INFOPLIST_KEY_UILaunchScreen_Generation = YES;
				INFOPLIST_KEY_UIStatusBarStyle = "";
				INFOPLIST_KEY_UISupportedInterfaceOrientations = UIInterfaceOrientationPortrait;
				INFOPLIST_KEY_UISupportedInterfaceOrientations_iPad = "UIInterfaceOrientationLandscapeLeft UIInterfaceOrientationLandscapeRight UIInterfaceOrientationPortrait UIInterfaceOrientationPortraitUpsideDown";
				LD_RUNPATH_SEARCH_PATHS = (
					"$(inherited)",
					"@executable_path/Frameworks",
				);
				MARKETING_VERSION = 1.0;
				PRODUCT_BUNDLE_IDENTIFIER = io.cokee.TswUser.iOS;
				PRODUCT_NAME = "$(TARGET_NAME)";
				SUPPORTED_PLATFORMS = "iphoneos iphonesimulator";
				SUPPORTS_MACCATALYST = NO;
				SUPPORTS_MAC_DESIGNED_FOR_IPHONE_IPAD = NO;
				SWIFT_EMIT_LOC_STRINGS = YES;
				SWIFT_VERSION = 5.0;
				TARGETED_DEVICE_FAMILY = 1;
			};
			name = Release;
		};
		FE1D92F6298E14FD009EF316 /* Debug */ = {
			isa = XCBuildConfiguration;
			buildSettings = {
				ALWAYS_EMBED_SWIFT_STANDARD_LIBRARIES = YES;
				BUNDLE_LOADER = "$(TEST_HOST)";
				CODE_SIGN_STYLE = Automatic;
				CURRENT_PROJECT_VERSION = 1;
				DEVELOPMENT_TEAM = P7Z3Z9WK3X;
				GENERATE_INFOPLIST_FILE = YES;
				IPHONEOS_DEPLOYMENT_TARGET = 16.2;
				MARKETING_VERSION = 1.0;
				PRODUCT_BUNDLE_IDENTIFIER = io.cokee.TswUseriOSTests;
				PRODUCT_NAME = "$(TARGET_NAME)";
				SWIFT_EMIT_LOC_STRINGS = NO;
				SWIFT_VERSION = 5.0;
				TARGETED_DEVICE_FAMILY = "1,2";
				TEST_HOST = "$(BUILT_PRODUCTS_DIR)/TswUseriOS.app/$(BUNDLE_EXECUTABLE_FOLDER_PATH)/TswUseriOS";
			};
			name = Debug;
		};
		FE1D92F7298E14FD009EF316 /* Release */ = {
			isa = XCBuildConfiguration;
			buildSettings = {
				ALWAYS_EMBED_SWIFT_STANDARD_LIBRARIES = YES;
				BUNDLE_LOADER = "$(TEST_HOST)";
				CODE_SIGN_STYLE = Automatic;
				CURRENT_PROJECT_VERSION = 1;
				DEVELOPMENT_TEAM = P7Z3Z9WK3X;
				GENERATE_INFOPLIST_FILE = YES;
				IPHONEOS_DEPLOYMENT_TARGET = 16.2;
				MARKETING_VERSION = 1.0;
				PRODUCT_BUNDLE_IDENTIFIER = io.cokee.TswUseriOSTests;
				PRODUCT_NAME = "$(TARGET_NAME)";
				SWIFT_EMIT_LOC_STRINGS = NO;
				SWIFT_VERSION = 5.0;
				TARGETED_DEVICE_FAMILY = "1,2";
				TEST_HOST = "$(BUILT_PRODUCTS_DIR)/TswUseriOS.app/$(BUNDLE_EXECUTABLE_FOLDER_PATH)/TswUseriOS";
			};
			name = Release;
		};
		FE1D92F9298E14FD009EF316 /* Debug */ = {
			isa = XCBuildConfiguration;
			buildSettings = {
				ALWAYS_EMBED_SWIFT_STANDARD_LIBRARIES = YES;
				CODE_SIGN_STYLE = Automatic;
				CURRENT_PROJECT_VERSION = 1;
				DEVELOPMENT_TEAM = P7Z3Z9WK3X;
				GENERATE_INFOPLIST_FILE = YES;
				MARKETING_VERSION = 1.0;
				PRODUCT_BUNDLE_IDENTIFIER = io.cokee.TswUseriOSUITests;
				PRODUCT_NAME = "$(TARGET_NAME)";
				SWIFT_EMIT_LOC_STRINGS = NO;
				SWIFT_VERSION = 5.0;
				TARGETED_DEVICE_FAMILY = "1,2";
				TEST_TARGET_NAME = TswUseriOS;
			};
			name = Debug;
		};
		FE1D92FA298E14FD009EF316 /* Release */ = {
			isa = XCBuildConfiguration;
			buildSettings = {
				ALWAYS_EMBED_SWIFT_STANDARD_LIBRARIES = YES;
				CODE_SIGN_STYLE = Automatic;
				CURRENT_PROJECT_VERSION = 1;
				DEVELOPMENT_TEAM = P7Z3Z9WK3X;
				GENERATE_INFOPLIST_FILE = YES;
				MARKETING_VERSION = 1.0;
				PRODUCT_BUNDLE_IDENTIFIER = io.cokee.TswUseriOSUITests;
				PRODUCT_NAME = "$(TARGET_NAME)";
				SWIFT_EMIT_LOC_STRINGS = NO;
				SWIFT_VERSION = 5.0;
				TARGETED_DEVICE_FAMILY = "1,2";
				TEST_TARGET_NAME = TswUseriOS;
			};
			name = Release;
		};
/* End XCBuildConfiguration section */

/* Begin XCConfigurationList section */
		FE1D92C4298E14FC009EF316 /* Build configuration list for PBXProject "TswUseriOS" */ = {
			isa = XCConfigurationList;
			buildConfigurations = (
				FE1D92F0298E14FD009EF316 /* Debug */,
				FE1D92F1298E14FD009EF316 /* Release */,
			);
			defaultConfigurationIsVisible = 0;
			defaultConfigurationName = Release;
		};
		FE1D92F2298E14FD009EF316 /* Build configuration list for PBXNativeTarget "TswUseriOS" */ = {
			isa = XCConfigurationList;
			buildConfigurations = (
				FE1D92F3298E14FD009EF316 /* Debug */,
				FE1D92F4298E14FD009EF316 /* Release */,
			);
			defaultConfigurationIsVisible = 0;
			defaultConfigurationName = Release;
		};
		FE1D92F5298E14FD009EF316 /* Build configuration list for PBXNativeTarget "TswUseriOSTests" */ = {
			isa = XCConfigurationList;
			buildConfigurations = (
				FE1D92F6298E14FD009EF316 /* Debug */,
				FE1D92F7298E14FD009EF316 /* Release */,
			);
			defaultConfigurationIsVisible = 0;
			defaultConfigurationName = Release;
		};
		FE1D92F8298E14FD009EF316 /* Build configuration list for PBXNativeTarget "TswUseriOSUITests" */ = {
			isa = XCConfigurationList;
			buildConfigurations = (
				FE1D92F9298E14FD009EF316 /* Debug */,
				FE1D92FA298E14FD009EF316 /* Release */,
			);
			defaultConfigurationIsVisible = 0;
			defaultConfigurationName = Release;
		};
/* End XCConfigurationList section */

/* Begin XCRemoteSwiftPackageReference section */
		FE1D9300298E27A4009EF316 /* XCRemoteSwiftPackageReference "firebase-ios-sdk" */ = {
			isa = XCRemoteSwiftPackageReference;
			repositoryURL = "https://github.com/firebase/firebase-ios-sdk";
			requirement = {
				branch = master;
				kind = branch;
			};
		};
/* End XCRemoteSwiftPackageReference section */

/* Begin XCSwiftPackageProductDependency section */
		FE1D9301298E27A4009EF316 /* FirebaseAnalytics */ = {
			isa = XCSwiftPackageProductDependency;
			package = FE1D9300298E27A4009EF316 /* XCRemoteSwiftPackageReference "firebase-ios-sdk" */;
			productName = FirebaseAnalytics;
		};
		FE1D9303298E27A4009EF316 /* FirebaseMessaging */ = {
			isa = XCSwiftPackageProductDependency;
			package = FE1D9300298E27A4009EF316 /* XCRemoteSwiftPackageReference "firebase-ios-sdk" */;
			productName = FirebaseMessaging;
		};
/* End XCSwiftPackageProductDependency section */

/* Begin XCVersionGroup section */
		FE1D92D7298E14FD009EF316 /* TswUseriOS.xcdatamodeld */ = {
			isa = XCVersionGroup;
			children = (
				FE1D92D8298E14FD009EF316 /* TswUseriOS.xcdatamodel */,
			);
			currentVersion = FE1D92D8298E14FD009EF316 /* TswUseriOS.xcdatamodel */;
			path = TswUseriOS.xcdatamodeld;
			sourceTree = "<group>";
			versionGroupType = wrapper.xcdatamodel;
		};
/* End XCVersionGroup section */
	};
	rootObject = FE1D92C1298E14FC009EF316 /* Project object */;
}
